// !$*UTF8*$!
{
	archiveVersion = 1;
	classes = {
	};
	objectVersion = 56;
	objects = {

/* Begin PBXBuildFile section */
		651555992C9C3D8D0026C589 /* MyCustomView.swift in Sources */ = {isa = PBXBuildFile; fileRef = 651555982C9C3D8D0026C589 /* MyCustomView.swift */; };
		651E8FE32C6B112A00F3A98D /* LineChartView2.swift in Sources */ = {isa = PBXBuildFile; fileRef = 651E8FE22C6B112A00F3A98D /* LineChartView2.swift */; };
		651E8FE52C6B122200F3A98D /* ChartData.swift in Sources */ = {isa = PBXBuildFile; fileRef = 651E8FE42C6B122200F3A98D /* ChartData.swift */; };
		651E8FE72C6B134600F3A98D /* ChartViewController.swift in Sources */ = {isa = PBXBuildFile; fileRef = 651E8FE62C6B134600F3A98D /* ChartViewController.swift */; };
		651E8FE92C6B3E4200F3A98D /* MyChartView.swift in Sources */ = {isa = PBXBuildFile; fileRef = 651E8FE82C6B3E4200F3A98D /* MyChartView.swift */; };
		651E8FEC2C6B43CF00F3A98D /* UIColor+Extension.swift in Sources */ = {isa = PBXBuildFile; fileRef = 651E8FEB2C6B43CF00F3A98D /* UIColor+Extension.swift */; };
		651E8FEE2C6B595300F3A98D /* LineChartView.swift in Sources */ = {isa = PBXBuildFile; fileRef = 651E8FED2C6B595300F3A98D /* LineChartView.swift */; };
		652565062C50D5AD000BA24C /* StackButtonsViewController.storyboard in Resources */ = {isa = PBXBuildFile; fileRef = 652565052C50D5AD000BA24C /* StackButtonsViewController.storyboard */; };
		653ADD982C919CFB002C75A3 /* CryptoSwift in Frameworks */ = {isa = PBXBuildFile; productRef = 653ADD972C919CFB002C75A3 /* CryptoSwift */; };
		655936812C5249010096F710 /* SnapKit in Frameworks */ = {isa = PBXBuildFile; productRef = 655936802C5249010096F710 /* SnapKit */; };
		655936842C52491B0096F710 /* SnapkitViewController.swift in Sources */ = {isa = PBXBuildFile; fileRef = 655936832C52491B0096F710 /* SnapkitViewController.swift */; };
		655D71B42C64E92100C23B6E /* SwiftCombineViewController.swift in Sources */ = {isa = PBXBuildFile; fileRef = 655D71B32C64E92100C23B6E /* SwiftCombineViewController.swift */; };
		656E2F912CC66CBD00462888 /* ABProfilePictureViewController.swift in Sources */ = {isa = PBXBuildFile; fileRef = 656E2F902CC66CBD00462888 /* ABProfilePictureViewController.swift */; };
		656E2F942CC66D2C00462888 /* NSObject+Extension.swift in Sources */ = {isa = PBXBuildFile; fileRef = 656E2F932CC66D2C00462888 /* NSObject+Extension.swift */; };
		656E2F9A2CC7AE9700462888 /* ABSwitchButton.swift in Sources */ = {isa = PBXBuildFile; fileRef = 656E2F992CC7AE9700462888 /* ABSwitchButton.swift */; };
		656E2F9C2CC7B72800462888 /* CustomViewController.swift in Sources */ = {isa = PBXBuildFile; fileRef = 656E2F9B2CC7B72800462888 /* CustomViewController.swift */; };
		6576D3E52C4F5A2B00761785 /* PrototypingApp.swift in Sources */ = {isa = PBXBuildFile; fileRef = 6576D3E42C4F5A2B00761785 /* PrototypingApp.swift */; };
		6576D3E72C4F5A2B00761785 /* ContentView.swift in Sources */ = {isa = PBXBuildFile; fileRef = 6576D3E62C4F5A2B00761785 /* ContentView.swift */; };
		6576D3E92C4F5A2C00761785 /* Assets.xcassets in Resources */ = {isa = PBXBuildFile; fileRef = 6576D3E82C4F5A2C00761785 /* Assets.xcassets */; };
		6576D3ED2C4F5A2C00761785 /* Preview Assets.xcassets in Resources */ = {isa = PBXBuildFile; fileRef = 6576D3EC2C4F5A2C00761785 /* Preview Assets.xcassets */; };
		6576D3F42C4F5A6800761785 /* MyViewController.swift in Sources */ = {isa = PBXBuildFile; fileRef = 6576D3F32C4F5A6800761785 /* MyViewController.swift */; };
		6576D3F62C50D28B00761785 /* StackButtonsViewController.swift in Sources */ = {isa = PBXBuildFile; fileRef = 6576D3F52C50D28B00761785 /* StackButtonsViewController.swift */; };
		658CCFEB2C5B7FF400ABE656 /* Snapkit2ViewController.swift in Sources */ = {isa = PBXBuildFile; fileRef = 658CCFEA2C5B7FF400ABE656 /* Snapkit2ViewController.swift */; };
		65A0102A2CA2D8A4006DE40F /* PanModal in Frameworks */ = {isa = PBXBuildFile; productRef = 65A010292CA2D8A4006DE40F /* PanModal */; };
		65A0102C2CA2DF95006DE40F /* PanModalHostingController.swift in Sources */ = {isa = PBXBuildFile; fileRef = 65A0102B2CA2DF95006DE40F /* PanModalHostingController.swift */; };
		65D78B242CCA39E90096ADCC /* SwiftMessages in Frameworks */ = {isa = PBXBuildFile; productRef = 65D78B232CCA39E90096ADCC /* SwiftMessages */; };
		65D78B262CCA39E90096ADCC /* SwiftMessages-Dynamic in Frameworks */ = {isa = PBXBuildFile; productRef = 65D78B252CCA39E90096ADCC /* SwiftMessages-Dynamic */; };
		65D78B2F2CCA55990096ADCC /* CustomToast.swift in Sources */ = {isa = PBXBuildFile; fileRef = 65D78B2A2CCA55990096ADCC /* CustomToast.swift */; };
		65D78B302CCA55990096ADCC /* CustomToastView.swift in Sources */ = {isa = PBXBuildFile; fileRef = 65D78B2B2CCA55990096ADCC /* CustomToastView.swift */; };
		65D78B322CCA55990096ADCC /* ToastData.swift in Sources */ = {isa = PBXBuildFile; fileRef = 65D78B2D2CCA55990096ADCC /* ToastData.swift */; };
		65D78B352CCA55A30096ADCC /* CustomToastViewTestController.swift in Sources */ = {isa = PBXBuildFile; fileRef = 65D78B342CCA55A30096ADCC /* CustomToastViewTestController.swift */; };
		65D78B392CCA5D230096ADCC /* CustomToastView.xib in Resources */ = {isa = PBXBuildFile; fileRef = 65D78B382CCA5D230096ADCC /* CustomToastView.xib */; };
		65E209532C89C38400E899BD /* CardViewerViewController.swift in Sources */ = {isa = PBXBuildFile; fileRef = 65E209522C89C38400E899BD /* CardViewerViewController.swift */; };
		65E209552C89C9BA00E899BD /* Rotate3DImageView.swift in Sources */ = {isa = PBXBuildFile; fileRef = 65E209542C89C9BA00E899BD /* Rotate3DImageView.swift */; };
/* End PBXBuildFile section */

/* Begin PBXFileReference section */
		651555982C9C3D8D0026C589 /* MyCustomView.swift */ = {isa = PBXFileReference; lastKnownFileType = sourcecode.swift; path = MyCustomView.swift; sourceTree = "<group>"; };
		651E8FE22C6B112A00F3A98D /* LineChartView2.swift */ = {isa = PBXFileReference; lastKnownFileType = sourcecode.swift; path = LineChartView2.swift; sourceTree = "<group>"; };
		651E8FE42C6B122200F3A98D /* ChartData.swift */ = {isa = PBXFileReference; lastKnownFileType = sourcecode.swift; path = ChartData.swift; sourceTree = "<group>"; };
		651E8FE62C6B134600F3A98D /* ChartViewController.swift */ = {isa = PBXFileReference; lastKnownFileType = sourcecode.swift; path = ChartViewController.swift; sourceTree = "<group>"; };
		651E8FE82C6B3E4200F3A98D /* MyChartView.swift */ = {isa = PBXFileReference; lastKnownFileType = sourcecode.swift; path = MyChartView.swift; sourceTree = "<group>"; };
		651E8FEB2C6B43CF00F3A98D /* UIColor+Extension.swift */ = {isa = PBXFileReference; lastKnownFileType = sourcecode.swift; path = "UIColor+Extension.swift"; sourceTree = "<group>"; };
		651E8FED2C6B595300F3A98D /* LineChartView.swift */ = {isa = PBXFileReference; lastKnownFileType = sourcecode.swift; path = LineChartView.swift; sourceTree = "<group>"; };
		652565052C50D5AD000BA24C /* StackButtonsViewController.storyboard */ = {isa = PBXFileReference; lastKnownFileType = file.storyboard; path = StackButtonsViewController.storyboard; sourceTree = "<group>"; };
		653ADD9A2C919D0D002C75A3 /* Encryptor.playground */ = {isa = PBXFileReference; lastKnownFileType = file.playground; path = Encryptor.playground; sourceTree = "<group>"; xcLanguageSpecificationIdentifier = xcode.lang.swift; };
		653ADD9C2C92DC79002C75A3 /* Random.playground */ = {isa = PBXFileReference; lastKnownFileType = file.playground; path = Random.playground; sourceTree = "<group>"; xcLanguageSpecificationIdentifier = xcode.lang.swift; };
		655936832C52491B0096F710 /* SnapkitViewController.swift */ = {isa = PBXFileReference; lastKnownFileType = sourcecode.swift; path = SnapkitViewController.swift; sourceTree = "<group>"; };
		655D71B32C64E92100C23B6E /* SwiftCombineViewController.swift */ = {isa = PBXFileReference; lastKnownFileType = sourcecode.swift; path = SwiftCombineViewController.swift; sourceTree = "<group>"; };
		656E2F902CC66CBD00462888 /* ABProfilePictureViewController.swift */ = {isa = PBXFileReference; lastKnownFileType = sourcecode.swift; path = ABProfilePictureViewController.swift; sourceTree = "<group>"; };
		656E2F932CC66D2C00462888 /* NSObject+Extension.swift */ = {isa = PBXFileReference; lastKnownFileType = sourcecode.swift; path = "NSObject+Extension.swift"; sourceTree = "<group>"; };
		656E2F992CC7AE9700462888 /* ABSwitchButton.swift */ = {isa = PBXFileReference; lastKnownFileType = sourcecode.swift; path = ABSwitchButton.swift; sourceTree = "<group>"; };
		656E2F9B2CC7B72800462888 /* CustomViewController.swift */ = {isa = PBXFileReference; lastKnownFileType = sourcecode.swift; path = CustomViewController.swift; sourceTree = "<group>"; };
		6576D3E12C4F5A2B00761785 /* Prototyping.app */ = {isa = PBXFileReference; explicitFileType = wrapper.application; includeInIndex = 0; path = Prototyping.app; sourceTree = BUILT_PRODUCTS_DIR; };
		6576D3E42C4F5A2B00761785 /* PrototypingApp.swift */ = {isa = PBXFileReference; lastKnownFileType = sourcecode.swift; path = PrototypingApp.swift; sourceTree = "<group>"; };
		6576D3E62C4F5A2B00761785 /* ContentView.swift */ = {isa = PBXFileReference; lastKnownFileType = sourcecode.swift; path = ContentView.swift; sourceTree = "<group>"; };
		6576D3E82C4F5A2C00761785 /* Assets.xcassets */ = {isa = PBXFileReference; lastKnownFileType = folder.assetcatalog; path = Assets.xcassets; sourceTree = "<group>"; };
		6576D3EA2C4F5A2C00761785 /* Prototyping.entitlements */ = {isa = PBXFileReference; lastKnownFileType = text.plist.entitlements; path = Prototyping.entitlements; sourceTree = "<group>"; };
		6576D3EC2C4F5A2C00761785 /* Preview Assets.xcassets */ = {isa = PBXFileReference; lastKnownFileType = folder.assetcatalog; path = "Preview Assets.xcassets"; sourceTree = "<group>"; };
		6576D3F32C4F5A6800761785 /* MyViewController.swift */ = {isa = PBXFileReference; lastKnownFileType = sourcecode.swift; path = MyViewController.swift; sourceTree = "<group>"; };
		6576D3F52C50D28B00761785 /* StackButtonsViewController.swift */ = {isa = PBXFileReference; lastKnownFileType = sourcecode.swift; path = StackButtonsViewController.swift; sourceTree = "<group>"; };
		658CCFEA2C5B7FF400ABE656 /* Snapkit2ViewController.swift */ = {isa = PBXFileReference; lastKnownFileType = sourcecode.swift; path = Snapkit2ViewController.swift; sourceTree = "<group>"; };
		65A0102B2CA2DF95006DE40F /* PanModalHostingController.swift */ = {isa = PBXFileReference; lastKnownFileType = sourcecode.swift; path = PanModalHostingController.swift; sourceTree = "<group>"; };
		65D78B2A2CCA55990096ADCC /* CustomToast.swift */ = {isa = PBXFileReference; fileEncoding = 4; lastKnownFileType = sourcecode.swift; path = CustomToast.swift; sourceTree = "<group>"; };
		65D78B2B2CCA55990096ADCC /* CustomToastView.swift */ = {isa = PBXFileReference; fileEncoding = 4; lastKnownFileType = sourcecode.swift; path = CustomToastView.swift; sourceTree = "<group>"; };
		65D78B2D2CCA55990096ADCC /* ToastData.swift */ = {isa = PBXFileReference; fileEncoding = 4; lastKnownFileType = sourcecode.swift; path = ToastData.swift; sourceTree = "<group>"; };
		65D78B342CCA55A30096ADCC /* CustomToastViewTestController.swift */ = {isa = PBXFileReference; lastKnownFileType = sourcecode.swift; path = CustomToastViewTestController.swift; sourceTree = "<group>"; };
		65D78B382CCA5D230096ADCC /* CustomToastView.xib */ = {isa = PBXFileReference; fileEncoding = 4; lastKnownFileType = file.xib; path = CustomToastView.xib; sourceTree = "<group>"; };
		65E209522C89C38400E899BD /* CardViewerViewController.swift */ = {isa = PBXFileReference; lastKnownFileType = sourcecode.swift; path = CardViewerViewController.swift; sourceTree = "<group>"; };
		65E209542C89C9BA00E899BD /* Rotate3DImageView.swift */ = {isa = PBXFileReference; lastKnownFileType = sourcecode.swift; path = Rotate3DImageView.swift; sourceTree = "<group>"; };
/* End PBXFileReference section */

/* Begin PBXFrameworksBuildPhase section */
		6576D3DE2C4F5A2B00761785 /* Frameworks */ = {
			isa = PBXFrameworksBuildPhase;
			buildActionMask = 2147483647;
			files = (
				65D78B262CCA39E90096ADCC /* SwiftMessages-Dynamic in Frameworks */,
				655936812C5249010096F710 /* SnapKit in Frameworks */,
				653ADD982C919CFB002C75A3 /* CryptoSwift in Frameworks */,
				65D78B242CCA39E90096ADCC /* SwiftMessages in Frameworks */,
				65A0102A2CA2D8A4006DE40F /* PanModal in Frameworks */,
			);
			runOnlyForDeploymentPostprocessing = 0;
		};
/* End PBXFrameworksBuildPhase section */

/* Begin PBXGroup section */
		651555972C9C3D760026C589 /* CustomView */ = {
			isa = PBXGroup;
			children = (
				656E2F982CC7AE7000462888 /* CustomSwitch */,
				651555982C9C3D8D0026C589 /* MyCustomView.swift */,
				656E2F9B2CC7B72800462888 /* CustomViewController.swift */,
			);
			path = CustomView;
			sourceTree = "<group>";
		};
		651E8FE12C6B112000F3A98D /* Chart */ = {
			isa = PBXGroup;
			children = (
				651E8FE22C6B112A00F3A98D /* LineChartView2.swift */,
				651E8FE82C6B3E4200F3A98D /* MyChartView.swift */,
				651E8FED2C6B595300F3A98D /* LineChartView.swift */,
				651E8FE42C6B122200F3A98D /* ChartData.swift */,
				651E8FE62C6B134600F3A98D /* ChartViewController.swift */,
			);
			path = Chart;
			sourceTree = "<group>";
		};
		651E8FEA2C6B43BD00F3A98D /* Extensions */ = {
			isa = PBXGroup;
			children = (
				651E8FEB2C6B43CF00F3A98D /* UIColor+Extension.swift */,
			);
			path = Extensions;
			sourceTree = "<group>";
		};
		652565042C50D59F000BA24C /* Stoaryboard */ = {
			isa = PBXGroup;
			children = (
				652565052C50D5AD000BA24C /* StackButtonsViewController.storyboard */,
			);
			path = Stoaryboard;
			sourceTree = "<group>";
		};
		653ADD992C919D00002C75A3 /* Encryptor */ = {
			isa = PBXGroup;
			children = (
				653ADD9A2C919D0D002C75A3 /* Encryptor.playground */,
			);
			path = Encryptor;
			sourceTree = "<group>";
		};
		653ADD9B2C92DC6B002C75A3 /* Playground */ = {
			isa = PBXGroup;
			children = (
				653ADD992C919D00002C75A3 /* Encryptor */,
				653ADD9C2C92DC79002C75A3 /* Random.playground */,
			);
			path = Playground;
			sourceTree = "<group>";
		};
		655936822C5249110096F710 /* Snapkit */ = {
			isa = PBXGroup;
			children = (
				655936832C52491B0096F710 /* SnapkitViewController.swift */,
				658CCFEA2C5B7FF400ABE656 /* Snapkit2ViewController.swift */,
				656E2F902CC66CBD00462888 /* ABProfilePictureViewController.swift */,
			);
			path = Snapkit;
			sourceTree = "<group>";
		};
		655D71B22C64E91300C23B6E /* Combine */ = {
			isa = PBXGroup;
			children = (
				655D71B32C64E92100C23B6E /* SwiftCombineViewController.swift */,
			);
			path = Combine;
			sourceTree = "<group>";
		};
		656E2F922CC66D1E00462888 /* Common */ = {
			isa = PBXGroup;
			children = (
				656E2F932CC66D2C00462888 /* NSObject+Extension.swift */,
			);
			path = Common;
			sourceTree = "<group>";
		};
		656E2F982CC7AE7000462888 /* CustomSwitch */ = {
			isa = PBXGroup;
			children = (
				656E2F992CC7AE9700462888 /* ABSwitchButton.swift */,
			);
			path = CustomSwitch;
			sourceTree = "<group>";
		};
		6576D3D82C4F5A2B00761785 = {
			isa = PBXGroup;
			children = (
				6576D3E32C4F5A2B00761785 /* Prototyping */,
				6576D3E22C4F5A2B00761785 /* Products */,
			);
			sourceTree = "<group>";
		};
		6576D3E22C4F5A2B00761785 /* Products */ = {
			isa = PBXGroup;
			children = (
				6576D3E12C4F5A2B00761785 /* Prototyping.app */,
			);
			name = Products;
			sourceTree = "<group>";
		};
		6576D3E32C4F5A2B00761785 /* Prototyping */ = {
			isa = PBXGroup;
			children = (
				65D78B282CCA55600096ADCC /* CustomToast */,
				656E2F922CC66D1E00462888 /* Common */,
				65A010272CA2D86D006DE40F /* PanModal */,
				651555972C9C3D760026C589 /* CustomView */,
				653ADD9B2C92DC6B002C75A3 /* Playground */,
				65E209512C89C37000E899BD /* CardViewer */,
				651E8FEA2C6B43BD00F3A98D /* Extensions */,
				651E8FE12C6B112000F3A98D /* Chart */,
				655D71B22C64E91300C23B6E /* Combine */,
				655936822C5249110096F710 /* Snapkit */,
				652565042C50D59F000BA24C /* Stoaryboard */,
				6576D3E42C4F5A2B00761785 /* PrototypingApp.swift */,
				6576D3E62C4F5A2B00761785 /* ContentView.swift */,
				6576D3E82C4F5A2C00761785 /* Assets.xcassets */,
				6576D3EA2C4F5A2C00761785 /* Prototyping.entitlements */,
				6576D3EB2C4F5A2C00761785 /* Preview Content */,
				6576D3F32C4F5A6800761785 /* MyViewController.swift */,
				6576D3F52C50D28B00761785 /* StackButtonsViewController.swift */,
			);
			path = Prototyping;
			sourceTree = "<group>";
		};
		6576D3EB2C4F5A2C00761785 /* Preview Content */ = {
			isa = PBXGroup;
			children = (
				6576D3EC2C4F5A2C00761785 /* Preview Assets.xcassets */,
			);
			path = "Preview Content";
			sourceTree = "<group>";
		};
		65A010272CA2D86D006DE40F /* PanModal */ = {
			isa = PBXGroup;
			children = (
				65A0102B2CA2DF95006DE40F /* PanModalHostingController.swift */,
			);
			path = PanModal;
			sourceTree = "<group>";
		};
		65D78B282CCA55600096ADCC /* CustomToast */ = {
			isa = PBXGroup;
			children = (
				65D78B292CCA55990096ADCC /* CustomToastView */,
				65D78B342CCA55A30096ADCC /* CustomToastViewTestController.swift */,
			);
			path = CustomToast;
			sourceTree = "<group>";
		};
		65D78B292CCA55990096ADCC /* CustomToastView */ = {
			isa = PBXGroup;
			children = (
				65D78B2A2CCA55990096ADCC /* CustomToast.swift */,
				65D78B2B2CCA55990096ADCC /* CustomToastView.swift */,
				65D78B2D2CCA55990096ADCC /* ToastData.swift */,
				65D78B382CCA5D230096ADCC /* CustomToastView.xib */,
			);
			path = CustomToastView;
			sourceTree = "<group>";
		};
		65E209512C89C37000E899BD /* CardViewer */ = {
			isa = PBXGroup;
			children = (
				65E209522C89C38400E899BD /* CardViewerViewController.swift */,
				65E209542C89C9BA00E899BD /* Rotate3DImageView.swift */,
			);
			path = CardViewer;
			sourceTree = "<group>";
		};
/* End PBXGroup section */

/* Begin PBXNativeTarget section */
		6576D3E02C4F5A2B00761785 /* Prototyping */ = {
			isa = PBXNativeTarget;
			buildConfigurationList = 6576D3F02C4F5A2C00761785 /* Build configuration list for PBXNativeTarget "Prototyping" */;
			buildPhases = (
				6576D3DD2C4F5A2B00761785 /* Sources */,
				6576D3DE2C4F5A2B00761785 /* Frameworks */,
				6576D3DF2C4F5A2B00761785 /* Resources */,
			);
			buildRules = (
			);
			dependencies = (
			);
			name = Prototyping;
			packageProductDependencies = (
				655936802C5249010096F710 /* SnapKit */,
				653ADD972C919CFB002C75A3 /* CryptoSwift */,
				65A010292CA2D8A4006DE40F /* PanModal */,
				65D78B232CCA39E90096ADCC /* SwiftMessages */,
				65D78B252CCA39E90096ADCC /* SwiftMessages-Dynamic */,
			);
			productName = Prototyping;
			productReference = 6576D3E12C4F5A2B00761785 /* Prototyping.app */;
			productType = "com.apple.product-type.application";
		};
/* End PBXNativeTarget section */

/* Begin PBXProject section */
		6576D3D92C4F5A2B00761785 /* Project object */ = {
			isa = PBXProject;
			attributes = {
				BuildIndependentTargetsInParallel = 1;
				LastSwiftUpdateCheck = 1520;
				LastUpgradeCheck = 1520;
				TargetAttributes = {
					6576D3E02C4F5A2B00761785 = {
						CreatedOnToolsVersion = 15.2;
					};
				};
			};
			buildConfigurationList = 6576D3DC2C4F5A2B00761785 /* Build configuration list for PBXProject "Prototyping" */;
			compatibilityVersion = "Xcode 14.0";
			developmentRegion = en;
			hasScannedForEncodings = 0;
			knownRegions = (
				en,
				Base,
			);
			mainGroup = 6576D3D82C4F5A2B00761785;
			packageReferences = (
				6559367F2C5249010096F710 /* XCRemoteSwiftPackageReference "snapkit" */,
				653ADD962C919CFB002C75A3 /* XCRemoteSwiftPackageReference "CryptoSwift" */,
				65A010282CA2D8A4006DE40F /* XCRemoteSwiftPackageReference "PanModal" */,
				65D78B222CCA39E90096ADCC /* XCRemoteSwiftPackageReference "SwiftMessages" */,
			);
			productRefGroup = 6576D3E22C4F5A2B00761785 /* Products */;
			projectDirPath = "";
			projectRoot = "";
			targets = (
				6576D3E02C4F5A2B00761785 /* Prototyping */,
			);
		};
/* End PBXProject section */

/* Begin PBXResourcesBuildPhase section */
		6576D3DF2C4F5A2B00761785 /* Resources */ = {
			isa = PBXResourcesBuildPhase;
			buildActionMask = 2147483647;
			files = (
				652565062C50D5AD000BA24C /* StackButtonsViewController.storyboard in Resources */,
				65D78B392CCA5D230096ADCC /* CustomToastView.xib in Resources */,
				6576D3ED2C4F5A2C00761785 /* Preview Assets.xcassets in Resources */,
				6576D3E92C4F5A2C00761785 /* Assets.xcassets in Resources */,
			);
			runOnlyForDeploymentPostprocessing = 0;
		};
/* End PBXResourcesBuildPhase section */

/* Begin PBXSourcesBuildPhase section */
		6576D3DD2C4F5A2B00761785 /* Sources */ = {
			isa = PBXSourcesBuildPhase;
			buildActionMask = 2147483647;
			files = (
				65D78B2F2CCA55990096ADCC /* CustomToast.swift in Sources */,
				655936842C52491B0096F710 /* SnapkitViewController.swift in Sources */,
				651E8FE32C6B112A00F3A98D /* LineChartView2.swift in Sources */,
				65E209532C89C38400E899BD /* CardViewerViewController.swift in Sources */,
				651E8FE92C6B3E4200F3A98D /* MyChartView.swift in Sources */,
				651E8FEE2C6B595300F3A98D /* LineChartView.swift in Sources */,
				65D78B302CCA55990096ADCC /* CustomToastView.swift in Sources */,
				651E8FEC2C6B43CF00F3A98D /* UIColor+Extension.swift in Sources */,
				6576D3E72C4F5A2B00761785 /* ContentView.swift in Sources */,
				656E2F912CC66CBD00462888 /* ABProfilePictureViewController.swift in Sources */,
				655D71B42C64E92100C23B6E /* SwiftCombineViewController.swift in Sources */,
				65D78B322CCA55990096ADCC /* ToastData.swift in Sources */,
				651E8FE52C6B122200F3A98D /* ChartData.swift in Sources */,
				651555992C9C3D8D0026C589 /* MyCustomView.swift in Sources */,
				65A0102C2CA2DF95006DE40F /* PanModalHostingController.swift in Sources */,
				6576D3F42C4F5A6800761785 /* MyViewController.swift in Sources */,
				65E209552C89C9BA00E899BD /* Rotate3DImageView.swift in Sources */,
				656E2F942CC66D2C00462888 /* NSObject+Extension.swift in Sources */,
				65D78B352CCA55A30096ADCC /* CustomToastViewTestController.swift in Sources */,
				656E2F9C2CC7B72800462888 /* CustomViewController.swift in Sources */,
				6576D3F62C50D28B00761785 /* StackButtonsViewController.swift in Sources */,
				658CCFEB2C5B7FF400ABE656 /* Snapkit2ViewController.swift in Sources */,
				6576D3E52C4F5A2B00761785 /* PrototypingApp.swift in Sources */,
				651E8FE72C6B134600F3A98D /* ChartViewController.swift in Sources */,
				656E2F9A2CC7AE9700462888 /* ABSwitchButton.swift in Sources */,
			);
			runOnlyForDeploymentPostprocessing = 0;
		};
/* End PBXSourcesBuildPhase section */

/* Begin XCBuildConfiguration section */
		6576D3EE2C4F5A2C00761785 /* Debug */ = {
			isa = XCBuildConfiguration;
			buildSettings = {
				ALWAYS_SEARCH_USER_PATHS = NO;
				ASSETCATALOG_COMPILER_GENERATE_SWIFT_ASSET_SYMBOL_EXTENSIONS = YES;
				CLANG_ANALYZER_NONNULL = YES;
				CLANG_ANALYZER_NUMBER_OBJECT_CONVERSION = YES_AGGRESSIVE;
				CLANG_CXX_LANGUAGE_STANDARD = "gnu++20";
				CLANG_ENABLE_MODULES = YES;
				CLANG_ENABLE_OBJC_ARC = YES;
				CLANG_ENABLE_OBJC_WEAK = YES;
				CLANG_WARN_BLOCK_CAPTURE_AUTORELEASING = YES;
				CLANG_WARN_BOOL_CONVERSION = YES;
				CLANG_WARN_COMMA = YES;
				CLANG_WARN_CONSTANT_CONVERSION = YES;
				CLANG_WARN_DEPRECATED_OBJC_IMPLEMENTATIONS = YES;
				CLANG_WARN_DIRECT_OBJC_ISA_USAGE = YES_ERROR;
				CLANG_WARN_DOCUMENTATION_COMMENTS = YES;
				CLANG_WARN_EMPTY_BODY = YES;
				CLANG_WARN_ENUM_CONVERSION = YES;
				CLANG_WARN_INFINITE_RECURSION = YES;
				CLANG_WARN_INT_CONVERSION = YES;
				CLANG_WARN_NON_LITERAL_NULL_CONVERSION = YES;
				CLANG_WARN_OBJC_IMPLICIT_RETAIN_SELF = YES;
				CLANG_WARN_OBJC_LITERAL_CONVERSION = YES;
				CLANG_WARN_OBJC_ROOT_CLASS = YES_ERROR;
				CLANG_WARN_QUOTED_INCLUDE_IN_FRAMEWORK_HEADER = YES;
				CLANG_WARN_RANGE_LOOP_ANALYSIS = YES;
				CLANG_WARN_STRICT_PROTOTYPES = YES;
				CLANG_WARN_SUSPICIOUS_MOVE = YES;
				CLANG_WARN_UNGUARDED_AVAILABILITY = YES_AGGRESSIVE;
				CLANG_WARN_UNREACHABLE_CODE = YES;
				CLANG_WARN__DUPLICATE_METHOD_MATCH = YES;
				COPY_PHASE_STRIP = NO;
				DEBUG_INFORMATION_FORMAT = dwarf;
				ENABLE_STRICT_OBJC_MSGSEND = YES;
				ENABLE_TESTABILITY = YES;
				ENABLE_USER_SCRIPT_SANDBOXING = YES;
				GCC_C_LANGUAGE_STANDARD = gnu17;
				GCC_DYNAMIC_NO_PIC = NO;
				GCC_NO_COMMON_BLOCKS = YES;
				GCC_OPTIMIZATION_LEVEL = 0;
				GCC_PREPROCESSOR_DEFINITIONS = (
					"DEBUG=1",
					"$(inherited)",
				);
				GCC_WARN_64_TO_32_BIT_CONVERSION = YES;
				GCC_WARN_ABOUT_RETURN_TYPE = YES_ERROR;
				GCC_WARN_UNDECLARED_SELECTOR = YES;
				GCC_WARN_UNINITIALIZED_AUTOS = YES_AGGRESSIVE;
				GCC_WARN_UNUSED_FUNCTION = YES;
				GCC_WARN_UNUSED_VARIABLE = YES;
				LOCALIZATION_PREFERS_STRING_CATALOGS = YES;
				MTL_ENABLE_DEBUG_INFO = INCLUDE_SOURCE;
				MTL_FAST_MATH = YES;
				ONLY_ACTIVE_ARCH = YES;
				SWIFT_ACTIVE_COMPILATION_CONDITIONS = "DEBUG $(inherited)";
				SWIFT_OPTIMIZATION_LEVEL = "-Onone";
			};
			name = Debug;
		};
		6576D3EF2C4F5A2C00761785 /* Release */ = {
			isa = XCBuildConfiguration;
			buildSettings = {
				ALWAYS_SEARCH_USER_PATHS = NO;
				ASSETCATALOG_COMPILER_GENERATE_SWIFT_ASSET_SYMBOL_EXTENSIONS = YES;
				CLANG_ANALYZER_NONNULL = YES;
				CLANG_ANALYZER_NUMBER_OBJECT_CONVERSION = YES_AGGRESSIVE;
				CLANG_CXX_LANGUAGE_STANDARD = "gnu++20";
				CLANG_ENABLE_MODULES = YES;
				CLANG_ENABLE_OBJC_ARC = YES;
				CLANG_ENABLE_OBJC_WEAK = YES;
				CLANG_WARN_BLOCK_CAPTURE_AUTORELEASING = YES;
				CLANG_WARN_BOOL_CONVERSION = YES;
				CLANG_WARN_COMMA = YES;
				CLANG_WARN_CONSTANT_CONVERSION = YES;
				CLANG_WARN_DEPRECATED_OBJC_IMPLEMENTATIONS = YES;
				CLANG_WARN_DIRECT_OBJC_ISA_USAGE = YES_ERROR;
				CLANG_WARN_DOCUMENTATION_COMMENTS = YES;
				CLANG_WARN_EMPTY_BODY = YES;
				CLANG_WARN_ENUM_CONVERSION = YES;
				CLANG_WARN_INFINITE_RECURSION = YES;
				CLANG_WARN_INT_CONVERSION = YES;
				CLANG_WARN_NON_LITERAL_NULL_CONVERSION = YES;
				CLANG_WARN_OBJC_IMPLICIT_RETAIN_SELF = YES;
				CLANG_WARN_OBJC_LITERAL_CONVERSION = YES;
				CLANG_WARN_OBJC_ROOT_CLASS = YES_ERROR;
				CLANG_WARN_QUOTED_INCLUDE_IN_FRAMEWORK_HEADER = YES;
				CLANG_WARN_RANGE_LOOP_ANALYSIS = YES;
				CLANG_WARN_STRICT_PROTOTYPES = YES;
				CLANG_WARN_SUSPICIOUS_MOVE = YES;
				CLANG_WARN_UNGUARDED_AVAILABILITY = YES_AGGRESSIVE;
				CLANG_WARN_UNREACHABLE_CODE = YES;
				CLANG_WARN__DUPLICATE_METHOD_MATCH = YES;
				COPY_PHASE_STRIP = NO;
				DEBUG_INFORMATION_FORMAT = "dwarf-with-dsym";
				ENABLE_NS_ASSERTIONS = NO;
				ENABLE_STRICT_OBJC_MSGSEND = YES;
				ENABLE_USER_SCRIPT_SANDBOXING = YES;
				GCC_C_LANGUAGE_STANDARD = gnu17;
				GCC_NO_COMMON_BLOCKS = YES;
				GCC_WARN_64_TO_32_BIT_CONVERSION = YES;
				GCC_WARN_ABOUT_RETURN_TYPE = YES_ERROR;
				GCC_WARN_UNDECLARED_SELECTOR = YES;
				GCC_WARN_UNINITIALIZED_AUTOS = YES_AGGRESSIVE;
				GCC_WARN_UNUSED_FUNCTION = YES;
				GCC_WARN_UNUSED_VARIABLE = YES;
				LOCALIZATION_PREFERS_STRING_CATALOGS = YES;
				MTL_ENABLE_DEBUG_INFO = NO;
				MTL_FAST_MATH = YES;
				SWIFT_COMPILATION_MODE = wholemodule;
			};
			name = Release;
		};
		6576D3F12C4F5A2C00761785 /* Debug */ = {
			isa = XCBuildConfiguration;
			buildSettings = {
				ASSETCATALOG_COMPILER_APPICON_NAME = AppIcon;
				ASSETCATALOG_COMPILER_GLOBAL_ACCENT_COLOR_NAME = AccentColor;
				CODE_SIGN_ENTITLEMENTS = Prototyping/Prototyping.entitlements;
				CODE_SIGN_STYLE = Automatic;
				CURRENT_PROJECT_VERSION = 1;
				DEVELOPMENT_ASSET_PATHS = "\"Prototyping/Preview Content\"";
				ENABLE_PREVIEWS = YES;
				GENERATE_INFOPLIST_FILE = YES;
				"INFOPLIST_KEY_UIApplicationSceneManifest_Generation[sdk=iphoneos*]" = YES;
				"INFOPLIST_KEY_UIApplicationSceneManifest_Generation[sdk=iphonesimulator*]" = YES;
				"INFOPLIST_KEY_UIApplicationSupportsIndirectInputEvents[sdk=iphoneos*]" = YES;
				"INFOPLIST_KEY_UIApplicationSupportsIndirectInputEvents[sdk=iphonesimulator*]" = YES;
				"INFOPLIST_KEY_UILaunchScreen_Generation[sdk=iphoneos*]" = YES;
				"INFOPLIST_KEY_UILaunchScreen_Generation[sdk=iphonesimulator*]" = YES;
				"INFOPLIST_KEY_UIStatusBarStyle[sdk=iphoneos*]" = UIStatusBarStyleDefault;
				"INFOPLIST_KEY_UIStatusBarStyle[sdk=iphonesimulator*]" = UIStatusBarStyleDefault;
				INFOPLIST_KEY_UISupportedInterfaceOrientations_iPad = "UIInterfaceOrientationPortrait UIInterfaceOrientationPortraitUpsideDown UIInterfaceOrientationLandscapeLeft UIInterfaceOrientationLandscapeRight";
				INFOPLIST_KEY_UISupportedInterfaceOrientations_iPhone = "UIInterfaceOrientationPortrait UIInterfaceOrientationLandscapeLeft UIInterfaceOrientationLandscapeRight";
				IPHONEOS_DEPLOYMENT_TARGET = 17.2;
				LD_RUNPATH_SEARCH_PATHS = "@executable_path/Frameworks";
				"LD_RUNPATH_SEARCH_PATHS[sdk=macosx*]" = "@executable_path/../Frameworks";
				MACOSX_DEPLOYMENT_TARGET = 14.2;
				MARKETING_VERSION = 1.0;
				PRODUCT_BUNDLE_IDENTIFIER = eddie.Prototyping;
				PRODUCT_NAME = "$(TARGET_NAME)";
				SDKROOT = auto;
				SUPPORTED_PLATFORMS = "iphoneos iphonesimulator macosx";
				SWIFT_EMIT_LOC_STRINGS = YES;
				SWIFT_VERSION = 5.0;
				TARGETED_DEVICE_FAMILY = "1,2";
			};
			name = Debug;
		};
		6576D3F22C4F5A2C00761785 /* Release */ = {
			isa = XCBuildConfiguration;
			buildSettings = {
				ASSETCATALOG_COMPILER_APPICON_NAME = AppIcon;
				ASSETCATALOG_COMPILER_GLOBAL_ACCENT_COLOR_NAME = AccentColor;
				CODE_SIGN_ENTITLEMENTS = Prototyping/Prototyping.entitlements;
				CODE_SIGN_STYLE = Automatic;
				CURRENT_PROJECT_VERSION = 1;
				DEVELOPMENT_ASSET_PATHS = "\"Prototyping/Preview Content\"";
				ENABLE_PREVIEWS = YES;
				GENERATE_INFOPLIST_FILE = YES;
				"INFOPLIST_KEY_UIApplicationSceneManifest_Generation[sdk=iphoneos*]" = YES;
				"INFOPLIST_KEY_UIApplicationSceneManifest_Generation[sdk=iphonesimulator*]" = YES;
				"INFOPLIST_KEY_UIApplicationSupportsIndirectInputEvents[sdk=iphoneos*]" = YES;
				"INFOPLIST_KEY_UIApplicationSupportsIndirectInputEvents[sdk=iphonesimulator*]" = YES;
				"INFOPLIST_KEY_UILaunchScreen_Generation[sdk=iphoneos*]" = YES;
				"INFOPLIST_KEY_UILaunchScreen_Generation[sdk=iphonesimulator*]" = YES;
				"INFOPLIST_KEY_UIStatusBarStyle[sdk=iphoneos*]" = UIStatusBarStyleDefault;
				"INFOPLIST_KEY_UIStatusBarStyle[sdk=iphonesimulator*]" = UIStatusBarStyleDefault;
				INFOPLIST_KEY_UISupportedInterfaceOrientations_iPad = "UIInterfaceOrientationPortrait UIInterfaceOrientationPortraitUpsideDown UIInterfaceOrientationLandscapeLeft UIInterfaceOrientationLandscapeRight";
				INFOPLIST_KEY_UISupportedInterfaceOrientations_iPhone = "UIInterfaceOrientationPortrait UIInterfaceOrientationLandscapeLeft UIInterfaceOrientationLandscapeRight";
				IPHONEOS_DEPLOYMENT_TARGET = 17.2;
				LD_RUNPATH_SEARCH_PATHS = "@executable_path/Frameworks";
				"LD_RUNPATH_SEARCH_PATHS[sdk=macosx*]" = "@executable_path/../Frameworks";
				MACOSX_DEPLOYMENT_TARGET = 14.2;
				MARKETING_VERSION = 1.0;
				PRODUCT_BUNDLE_IDENTIFIER = eddie.Prototyping;
				PRODUCT_NAME = "$(TARGET_NAME)";
				SDKROOT = auto;
				SUPPORTED_PLATFORMS = "iphoneos iphonesimulator macosx";
				SWIFT_EMIT_LOC_STRINGS = YES;
				SWIFT_VERSION = 5.0;
				TARGETED_DEVICE_FAMILY = "1,2";
			};
			name = Release;
		};
/* End XCBuildConfiguration section */

/* Begin XCConfigurationList section */
		6576D3DC2C4F5A2B00761785 /* Build configuration list for PBXProject "Prototyping" */ = {
			isa = XCConfigurationList;
			buildConfigurations = (
				6576D3EE2C4F5A2C00761785 /* Debug */,
				6576D3EF2C4F5A2C00761785 /* Release */,
			);
			defaultConfigurationIsVisible = 0;
			defaultConfigurationName = Release;
		};
		6576D3F02C4F5A2C00761785 /* Build configuration list for PBXNativeTarget "Prototyping" */ = {
			isa = XCConfigurationList;
			buildConfigurations = (
				6576D3F12C4F5A2C00761785 /* Debug */,
				6576D3F22C4F5A2C00761785 /* Release */,
			);
			defaultConfigurationIsVisible = 0;
			defaultConfigurationName = Release;
		};
/* End XCConfigurationList section */

/* Begin XCRemoteSwiftPackageReference section */
		653ADD962C919CFB002C75A3 /* XCRemoteSwiftPackageReference "CryptoSwift" */ = {
			isa = XCRemoteSwiftPackageReference;
			repositoryURL = "https://github.com/krzyzanowskim/CryptoSwift";
			requirement = {
				kind = upToNextMajorVersion;
				minimumVersion = 1.8.3;
			};
		};
		6559367F2C5249010096F710 /* XCRemoteSwiftPackageReference "snapkit" */ = {
			isa = XCRemoteSwiftPackageReference;
			repositoryURL = "https://github.com/snapkit/snapkit/";
			requirement = {
				kind = upToNextMajorVersion;
				minimumVersion = 5.7.1;
			};
		};
		65A010282CA2D8A4006DE40F /* XCRemoteSwiftPackageReference "PanModal" */ = {
			isa = XCRemoteSwiftPackageReference;
			repositoryURL = "https://github.com/slackhq/PanModal.git";
			requirement = {
				kind = upToNextMajorVersion;
				minimumVersion = 1.2.7;
			};
		};
		65D78B222CCA39E90096ADCC /* XCRemoteSwiftPackageReference "SwiftMessages" */ = {
			isa = XCRemoteSwiftPackageReference;
			repositoryURL = "https://github.com/SwiftKickMobile/SwiftMessages";
			requirement = {
				kind = upToNextMajorVersion;
				minimumVersion = 10.0.1;
			};
		};
/* End XCRemoteSwiftPackageReference section */

/* Begin XCSwiftPackageProductDependency section */
		653ADD972C919CFB002C75A3 /* CryptoSwift */ = {
			isa = XCSwiftPackageProductDependency;
			package = 653ADD962C919CFB002C75A3 /* XCRemoteSwiftPackageReference "CryptoSwift" */;
			productName = CryptoSwift;
		};
		655936802C5249010096F710 /* SnapKit */ = {
			isa = XCSwiftPackageProductDependency;
			package = 6559367F2C5249010096F710 /* XCRemoteSwiftPackageReference "snapkit" */;
			productName = SnapKit;
		};
		65A010292CA2D8A4006DE40F /* PanModal */ = {
			isa = XCSwiftPackageProductDependency;
			package = 65A010282CA2D8A4006DE40F /* XCRemoteSwiftPackageReference "PanModal" */;
			productName = PanModal;
		};
		65D78B232CCA39E90096ADCC /* SwiftMessages */ = {
			isa = XCSwiftPackageProductDependency;
			package = 65D78B222CCA39E90096ADCC /* XCRemoteSwiftPackageReference "SwiftMessages" */;
			productName = SwiftMessages;
		};
		65D78B252CCA39E90096ADCC /* SwiftMessages-Dynamic */ = {
			isa = XCSwiftPackageProductDependency;
			package = 65D78B222CCA39E90096ADCC /* XCRemoteSwiftPackageReference "SwiftMessages" */;
			productName = "SwiftMessages-Dynamic";
		};
/* End XCSwiftPackageProductDependency section */
	};
	rootObject = 6576D3D92C4F5A2B00761785 /* Project object */;
}
