// !$*UTF8*$!
{
	archiveVersion = 1;
	classes = {
	};
	objectVersion = 70;
	objects = {

/* Begin PBXBuildFile section */
		6505A6022CE4A4C100B95B40 /* DecimalViewController.swift in Sources */ = {isa = PBXBuildFile; fileRef = 6505A6012CE4A4C100B95B40 /* DecimalViewController.swift */; };
		6505CD702D06F8560066470E /* CubePageViewController.swift in Sources */ = {isa = PBXBuildFile; fileRef = 6505CD6F2D06F8560066470E /* CubePageViewController.swift */; };
		6508C9E32D0FD86700FEBA0C /* PhotoViewerCollectionViewLayout.swift in Sources */ = {isa = PBXBuildFile; fileRef = 6508C9E22D0FD86700FEBA0C /* PhotoViewerCollectionViewLayout.swift */; };
		651555992C9C3D8D0026C589 /* MyCustomView.swift in Sources */ = {isa = PBXBuildFile; fileRef = 651555982C9C3D8D0026C589 /* MyCustomView.swift */; };
		651B57E52CF0960D00C28D93 /* CustomNavigationBackViewController.swift in Sources */ = {isa = PBXBuildFile; fileRef = 651B57E42CF0960D00C28D93 /* CustomNavigationBackViewController.swift */; };
		651B57E72CF09C1F00C28D93 /* CustomInteractivePopTransition.swift in Sources */ = {isa = PBXBuildFile; fileRef = 651B57E62CF09C1F00C28D93 /* CustomInteractivePopTransition.swift */; };
		651B57EA2CF09F1800C28D93 /* Then in Frameworks */ = {isa = PBXBuildFile; productRef = 651B57E92CF09F1800C28D93 /* Then */; };
		651E8FE32C6B112A00F3A98D /* LineChartView2.swift in Sources */ = {isa = PBXBuildFile; fileRef = 651E8FE22C6B112A00F3A98D /* LineChartView2.swift */; };
		651E8FE52C6B122200F3A98D /* ChartData.swift in Sources */ = {isa = PBXBuildFile; fileRef = 651E8FE42C6B122200F3A98D /* ChartData.swift */; };
		651E8FE72C6B134600F3A98D /* ChartViewController.swift in Sources */ = {isa = PBXBuildFile; fileRef = 651E8FE62C6B134600F3A98D /* ChartViewController.swift */; };
		651E8FE92C6B3E4200F3A98D /* MyChartView.swift in Sources */ = {isa = PBXBuildFile; fileRef = 651E8FE82C6B3E4200F3A98D /* MyChartView.swift */; };
		651E8FEC2C6B43CF00F3A98D /* UIColor+Extension.swift in Sources */ = {isa = PBXBuildFile; fileRef = 651E8FEB2C6B43CF00F3A98D /* UIColor+Extension.swift */; };
		651E8FEE2C6B595300F3A98D /* LineChartView.swift in Sources */ = {isa = PBXBuildFile; fileRef = 651E8FED2C6B595300F3A98D /* LineChartView.swift */; };
		652565062C50D5AD000BA24C /* StackButtonsViewController.storyboard in Resources */ = {isa = PBXBuildFile; fileRef = 652565052C50D5AD000BA24C /* StackButtonsViewController.storyboard */; };
		652D324A2CD0E78500DC54C6 /* PanModalHostingController2.swift in Sources */ = {isa = PBXBuildFile; fileRef = 652D32492CD0E78500DC54C6 /* PanModalHostingController2.swift */; };
		652D324D2CD0F4B900DC54C6 /* AtmCellContentView.swift in Sources */ = {isa = PBXBuildFile; fileRef = 652D324C2CD0F4B900DC54C6 /* AtmCellContentView.swift */; };
		652D324F2CD0FB4300DC54C6 /* UIView+Extension.swift in Sources */ = {isa = PBXBuildFile; fileRef = 652D324E2CD0FB4300DC54C6 /* UIView+Extension.swift */; };
		652D32512CD0FD2E00DC54C6 /* BranchCellContentView.swift in Sources */ = {isa = PBXBuildFile; fileRef = 652D32502CD0FD2E00DC54C6 /* BranchCellContentView.swift */; };
		653ADD982C919CFB002C75A3 /* CryptoSwift in Frameworks */ = {isa = PBXBuildFile; productRef = 653ADD972C919CFB002C75A3 /* CryptoSwift */; };
		655936812C5249010096F710 /* SnapKit in Frameworks */ = {isa = PBXBuildFile; productRef = 655936802C5249010096F710 /* SnapKit */; };
		655936842C52491B0096F710 /* SnapkitViewController.swift in Sources */ = {isa = PBXBuildFile; fileRef = 655936832C52491B0096F710 /* SnapkitViewController.swift */; };
		655D71B42C64E92100C23B6E /* SwiftCombineViewController.swift in Sources */ = {isa = PBXBuildFile; fileRef = 655D71B32C64E92100C23B6E /* SwiftCombineViewController.swift */; };
		656E2F912CC66CBD00462888 /* ABProfilePictureViewController.swift in Sources */ = {isa = PBXBuildFile; fileRef = 656E2F902CC66CBD00462888 /* ABProfilePictureViewController.swift */; };
		656E2F942CC66D2C00462888 /* NSObject+Extension.swift in Sources */ = {isa = PBXBuildFile; fileRef = 656E2F932CC66D2C00462888 /* NSObject+Extension.swift */; };
		656E2F9A2CC7AE9700462888 /* ABSwitchButton.swift in Sources */ = {isa = PBXBuildFile; fileRef = 656E2F992CC7AE9700462888 /* ABSwitchButton.swift */; };
		656E2F9C2CC7B72800462888 /* CustomViewController.swift in Sources */ = {isa = PBXBuildFile; fileRef = 656E2F9B2CC7B72800462888 /* CustomViewController.swift */; };
		6576D3E52C4F5A2B00761785 /* PrototypingApp.swift in Sources */ = {isa = PBXBuildFile; fileRef = 6576D3E42C4F5A2B00761785 /* PrototypingApp.swift */; };
		6576D3E72C4F5A2B00761785 /* ContentView.swift in Sources */ = {isa = PBXBuildFile; fileRef = 6576D3E62C4F5A2B00761785 /* ContentView.swift */; };
		6576D3E92C4F5A2C00761785 /* Assets.xcassets in Resources */ = {isa = PBXBuildFile; fileRef = 6576D3E82C4F5A2C00761785 /* Assets.xcassets */; };
		6576D3ED2C4F5A2C00761785 /* Preview Assets.xcassets in Resources */ = {isa = PBXBuildFile; fileRef = 6576D3EC2C4F5A2C00761785 /* Preview Assets.xcassets */; };
		6576D3F42C4F5A6800761785 /* MyViewController.swift in Sources */ = {isa = PBXBuildFile; fileRef = 6576D3F32C4F5A6800761785 /* MyViewController.swift */; };
		6576D3F62C50D28B00761785 /* StackButtonsViewController.swift in Sources */ = {isa = PBXBuildFile; fileRef = 6576D3F52C50D28B00761785 /* StackButtonsViewController.swift */; };
		658856E12DB9DA6100FDA4DF /* CombineCocoa in Frameworks */ = {isa = PBXBuildFile; productRef = 658856E02DB9DA6100FDA4DF /* CombineCocoa */; };
		658CCFEB2C5B7FF400ABE656 /* Snapkit2ViewController.swift in Sources */ = {isa = PBXBuildFile; fileRef = 658CCFEA2C5B7FF400ABE656 /* Snapkit2ViewController.swift */; };
		658F8E842CF5EA4B005183F2 /* SwiftUIViewContainer.swift in Sources */ = {isa = PBXBuildFile; fileRef = 658F8E832CF5EA4B005183F2 /* SwiftUIViewContainer.swift */; };
		658F8E862CF5EBF2005183F2 /* AnyUIView.swift in Sources */ = {isa = PBXBuildFile; fileRef = 658F8E852CF5EBF2005183F2 /* AnyUIView.swift */; };
		659580412D2E7C570009FB64 /* ChatViewController.swift in Sources */ = {isa = PBXBuildFile; fileRef = 659580402D2E7C570009FB64 /* ChatViewController.swift */; };
		659580432D2E7D010009FB64 /* ChatViewModel.swift in Sources */ = {isa = PBXBuildFile; fileRef = 659580422D2E7D010009FB64 /* ChatViewModel.swift */; };
		659580462D2E7DA10009FB64 /* ChatConversationModel.swift in Sources */ = {isa = PBXBuildFile; fileRef = 659580452D2E7DA10009FB64 /* ChatConversationModel.swift */; };
		659580482D2E80E40009FB64 /* ChatMessageTableViewCell.swift in Sources */ = {isa = PBXBuildFile; fileRef = 659580472D2E80E40009FB64 /* ChatMessageTableViewCell.swift */; };
		6595805F2D2FE6E10009FB64 /* Then+Transform.swift in Sources */ = {isa = PBXBuildFile; fileRef = 6595805E2D2FE6E10009FB64 /* Then+Transform.swift */; };
		65A0102A2CA2D8A4006DE40F /* PanModal in Frameworks */ = {isa = PBXBuildFile; productRef = 65A010292CA2D8A4006DE40F /* PanModal */; };
		65A0102C2CA2DF95006DE40F /* PanModalHostingController.swift in Sources */ = {isa = PBXBuildFile; fileRef = 65A0102B2CA2DF95006DE40F /* PanModalHostingController.swift */; };
		65BD595F2D11656600FC82AF /* Lottie in Frameworks */ = {isa = PBXBuildFile; productRef = 65BD595E2D11656600FC82AF /* Lottie */; };
		65BD59622D11657700FC82AF /* LottieViewController.swift in Sources */ = {isa = PBXBuildFile; fileRef = 65BD59612D11657700FC82AF /* LottieViewController.swift */; };
		65BD59722D12B70700FC82AF /* Animation_Lookback.json in Resources */ = {isa = PBXBuildFile; fileRef = 65BD59712D12B70700FC82AF /* Animation_Lookback.json */; };
		65D78B242CCA39E90096ADCC /* SwiftMessages in Frameworks */ = {isa = PBXBuildFile; productRef = 65D78B232CCA39E90096ADCC /* SwiftMessages */; };
		65D78B2F2CCA55990096ADCC /* CustomToast.swift in Sources */ = {isa = PBXBuildFile; fileRef = 65D78B2A2CCA55990096ADCC /* CustomToast.swift */; };
		65D78B302CCA55990096ADCC /* CustomToastView.swift in Sources */ = {isa = PBXBuildFile; fileRef = 65D78B2B2CCA55990096ADCC /* CustomToastView.swift */; };
		65D78B322CCA55990096ADCC /* ToastData.swift in Sources */ = {isa = PBXBuildFile; fileRef = 65D78B2D2CCA55990096ADCC /* ToastData.swift */; };
		65D78B352CCA55A30096ADCC /* CustomToastViewTestController.swift in Sources */ = {isa = PBXBuildFile; fileRef = 65D78B342CCA55A30096ADCC /* CustomToastViewTestController.swift */; };
		65D78B392CCA5D230096ADCC /* CustomToastView.xib in Resources */ = {isa = PBXBuildFile; fileRef = 65D78B382CCA5D230096ADCC /* CustomToastView.xib */; };
		65E209532C89C38400E899BD /* CardViewerViewController.swift in Sources */ = {isa = PBXBuildFile; fileRef = 65E209522C89C38400E899BD /* CardViewerViewController.swift */; };
		65E209552C89C9BA00E899BD /* Rotate3DImageView.swift in Sources */ = {isa = PBXBuildFile; fileRef = 65E209542C89C9BA00E899BD /* Rotate3DImageView.swift */; };
		65E7AAFC2D000EAA00363CBB /* PhotoViewerViewController.swift in Sources */ = {isa = PBXBuildFile; fileRef = 65E7AAFB2D000EAA00363CBB /* PhotoViewerViewController.swift */; };
		65E7AAFF2D0010D800363CBB /* PhotoCell.swift in Sources */ = {isa = PBXBuildFile; fileRef = 65E7AAFE2D0010D800363CBB /* PhotoCell.swift */; };
		65E7AB022D0160A900363CBB /* SkeletonTableViewController.swift in Sources */ = {isa = PBXBuildFile; fileRef = 65E7AB012D0160A900363CBB /* SkeletonTableViewController.swift */; };
		65E7AB0B2D01611F00363CBB /* SkeletonView in Frameworks */ = {isa = PBXBuildFile; productRef = 65E7AB0A2D01611F00363CBB /* SkeletonView */; };
/* End PBXBuildFile section */

/* Begin PBXContainerItemProxy section */
		65A3656D2D9F7C4E002E280B /* PBXContainerItemProxy */ = {
			isa = PBXContainerItemProxy;
			containerPortal = 6576D3D92C4F5A2B00761785 /* Project object */;
			proxyType = 1;
			remoteGlobalIDString = 6576D3E02C4F5A2B00761785;
			remoteInfo = Prototyping;
		};
/* End PBXContainerItemProxy section */

/* Begin PBXCopyFilesBuildPhase section */
		65F8A3EB2D895D70001320AE /* Embed Frameworks */ = {
			isa = PBXCopyFilesBuildPhase;
			buildActionMask = 2147483647;
			dstPath = "";
			dstSubfolderSpec = 10;
			files = (
			);
			name = "Embed Frameworks";
			runOnlyForDeploymentPostprocessing = 0;
		};
/* End PBXCopyFilesBuildPhase section */

/* Begin PBXFileReference section */
		6505A6012CE4A4C100B95B40 /* DecimalViewController.swift */ = {isa = PBXFileReference; lastKnownFileType = sourcecode.swift; path = DecimalViewController.swift; sourceTree = "<group>"; };
		6505CD6F2D06F8560066470E /* CubePageViewController.swift */ = {isa = PBXFileReference; lastKnownFileType = sourcecode.swift; path = CubePageViewController.swift; sourceTree = "<group>"; };
		6508C9E22D0FD86700FEBA0C /* PhotoViewerCollectionViewLayout.swift */ = {isa = PBXFileReference; lastKnownFileType = sourcecode.swift; path = PhotoViewerCollectionViewLayout.swift; sourceTree = "<group>"; };
		651555982C9C3D8D0026C589 /* MyCustomView.swift */ = {isa = PBXFileReference; lastKnownFileType = sourcecode.swift; path = MyCustomView.swift; sourceTree = "<group>"; };
		651B57E42CF0960D00C28D93 /* CustomNavigationBackViewController.swift */ = {isa = PBXFileReference; lastKnownFileType = sourcecode.swift; path = CustomNavigationBackViewController.swift; sourceTree = "<group>"; };
		651B57E62CF09C1F00C28D93 /* CustomInteractivePopTransition.swift */ = {isa = PBXFileReference; lastKnownFileType = sourcecode.swift; path = CustomInteractivePopTransition.swift; sourceTree = "<group>"; };
		651E8FE22C6B112A00F3A98D /* LineChartView2.swift */ = {isa = PBXFileReference; lastKnownFileType = sourcecode.swift; path = LineChartView2.swift; sourceTree = "<group>"; };
		651E8FE42C6B122200F3A98D /* ChartData.swift */ = {isa = PBXFileReference; lastKnownFileType = sourcecode.swift; path = ChartData.swift; sourceTree = "<group>"; };
		651E8FE62C6B134600F3A98D /* ChartViewController.swift */ = {isa = PBXFileReference; lastKnownFileType = sourcecode.swift; path = ChartViewController.swift; sourceTree = "<group>"; };
		651E8FE82C6B3E4200F3A98D /* MyChartView.swift */ = {isa = PBXFileReference; lastKnownFileType = sourcecode.swift; path = MyChartView.swift; sourceTree = "<group>"; };
		651E8FEB2C6B43CF00F3A98D /* UIColor+Extension.swift */ = {isa = PBXFileReference; lastKnownFileType = sourcecode.swift; path = "UIColor+Extension.swift"; sourceTree = "<group>"; };
		651E8FED2C6B595300F3A98D /* LineChartView.swift */ = {isa = PBXFileReference; lastKnownFileType = sourcecode.swift; path = LineChartView.swift; sourceTree = "<group>"; };
		652565052C50D5AD000BA24C /* StackButtonsViewController.storyboard */ = {isa = PBXFileReference; lastKnownFileType = file.storyboard; path = StackButtonsViewController.storyboard; sourceTree = "<group>"; };
		652D32492CD0E78500DC54C6 /* PanModalHostingController2.swift */ = {isa = PBXFileReference; lastKnownFileType = sourcecode.swift; path = PanModalHostingController2.swift; sourceTree = "<group>"; };
		652D324C2CD0F4B900DC54C6 /* AtmCellContentView.swift */ = {isa = PBXFileReference; lastKnownFileType = sourcecode.swift; path = AtmCellContentView.swift; sourceTree = "<group>"; };
		652D324E2CD0FB4300DC54C6 /* UIView+Extension.swift */ = {isa = PBXFileReference; lastKnownFileType = sourcecode.swift; path = "UIView+Extension.swift"; sourceTree = "<group>"; };
		652D32502CD0FD2E00DC54C6 /* BranchCellContentView.swift */ = {isa = PBXFileReference; lastKnownFileType = sourcecode.swift; path = BranchCellContentView.swift; sourceTree = "<group>"; };
		653ADD9A2C919D0D002C75A3 /* Encryptor.playground */ = {isa = PBXFileReference; lastKnownFileType = file.playground; path = Encryptor.playground; sourceTree = "<group>"; xcLanguageSpecificationIdentifier = xcode.lang.swift; };
		653ADD9C2C92DC79002C75A3 /* Random.playground */ = {isa = PBXFileReference; lastKnownFileType = file.playground; path = Random.playground; sourceTree = "<group>"; xcLanguageSpecificationIdentifier = xcode.lang.swift; };
		655936832C52491B0096F710 /* SnapkitViewController.swift */ = {isa = PBXFileReference; lastKnownFileType = sourcecode.swift; path = SnapkitViewController.swift; sourceTree = "<group>"; };
		655D71B32C64E92100C23B6E /* SwiftCombineViewController.swift */ = {isa = PBXFileReference; lastKnownFileType = sourcecode.swift; path = SwiftCombineViewController.swift; sourceTree = "<group>"; };
		656E2F902CC66CBD00462888 /* ABProfilePictureViewController.swift */ = {isa = PBXFileReference; lastKnownFileType = sourcecode.swift; path = ABProfilePictureViewController.swift; sourceTree = "<group>"; };
		656E2F932CC66D2C00462888 /* NSObject+Extension.swift */ = {isa = PBXFileReference; lastKnownFileType = sourcecode.swift; path = "NSObject+Extension.swift"; sourceTree = "<group>"; };
		656E2F992CC7AE9700462888 /* ABSwitchButton.swift */ = {isa = PBXFileReference; lastKnownFileType = sourcecode.swift; path = ABSwitchButton.swift; sourceTree = "<group>"; };
		656E2F9B2CC7B72800462888 /* CustomViewController.swift */ = {isa = PBXFileReference; lastKnownFileType = sourcecode.swift; path = CustomViewController.swift; sourceTree = "<group>"; };
		656EFFE82DCB217B009166B6 /* Regex.playground */ = {isa = PBXFileReference; lastKnownFileType = file.playground; path = Regex.playground; sourceTree = "<group>"; xcLanguageSpecificationIdentifier = xcode.lang.swift; };
		6576D3E12C4F5A2B00761785 /* Prototyping.app */ = {isa = PBXFileReference; explicitFileType = wrapper.application; includeInIndex = 0; path = Prototyping.app; sourceTree = BUILT_PRODUCTS_DIR; };
		6576D3E42C4F5A2B00761785 /* PrototypingApp.swift */ = {isa = PBXFileReference; lastKnownFileType = sourcecode.swift; path = PrototypingApp.swift; sourceTree = "<group>"; };
		6576D3E62C4F5A2B00761785 /* ContentView.swift */ = {isa = PBXFileReference; lastKnownFileType = sourcecode.swift; path = ContentView.swift; sourceTree = "<group>"; };
		6576D3E82C4F5A2C00761785 /* Assets.xcassets */ = {isa = PBXFileReference; lastKnownFileType = folder.assetcatalog; path = Assets.xcassets; sourceTree = "<group>"; };
		6576D3EA2C4F5A2C00761785 /* Prototyping.entitlements */ = {isa = PBXFileReference; lastKnownFileType = text.plist.entitlements; path = Prototyping.entitlements; sourceTree = "<group>"; };
		6576D3EC2C4F5A2C00761785 /* Preview Assets.xcassets */ = {isa = PBXFileReference; lastKnownFileType = folder.assetcatalog; path = "Preview Assets.xcassets"; sourceTree = "<group>"; };
		6576D3F32C4F5A6800761785 /* MyViewController.swift */ = {isa = PBXFileReference; lastKnownFileType = sourcecode.swift; path = MyViewController.swift; sourceTree = "<group>"; };
		6576D3F52C50D28B00761785 /* StackButtonsViewController.swift */ = {isa = PBXFileReference; lastKnownFileType = sourcecode.swift; path = StackButtonsViewController.swift; sourceTree = "<group>"; };
		658CCFEA2C5B7FF400ABE656 /* Snapkit2ViewController.swift */ = {isa = PBXFileReference; lastKnownFileType = sourcecode.swift; path = Snapkit2ViewController.swift; sourceTree = "<group>"; };
		658F8E832CF5EA4B005183F2 /* SwiftUIViewContainer.swift */ = {isa = PBXFileReference; lastKnownFileType = sourcecode.swift; path = SwiftUIViewContainer.swift; sourceTree = "<group>"; };
		658F8E852CF5EBF2005183F2 /* AnyUIView.swift */ = {isa = PBXFileReference; lastKnownFileType = sourcecode.swift; path = AnyUIView.swift; sourceTree = "<group>"; };
		659580402D2E7C570009FB64 /* ChatViewController.swift */ = {isa = PBXFileReference; lastKnownFileType = sourcecode.swift; path = ChatViewController.swift; sourceTree = "<group>"; };
		659580422D2E7D010009FB64 /* ChatViewModel.swift */ = {isa = PBXFileReference; lastKnownFileType = sourcecode.swift; path = ChatViewModel.swift; sourceTree = "<group>"; };
		659580452D2E7DA10009FB64 /* ChatConversationModel.swift */ = {isa = PBXFileReference; lastKnownFileType = sourcecode.swift; path = ChatConversationModel.swift; sourceTree = "<group>"; };
		659580472D2E80E40009FB64 /* ChatMessageTableViewCell.swift */ = {isa = PBXFileReference; lastKnownFileType = sourcecode.swift; path = ChatMessageTableViewCell.swift; sourceTree = "<group>"; };
		6595805E2D2FE6E10009FB64 /* Then+Transform.swift */ = {isa = PBXFileReference; lastKnownFileType = sourcecode.swift; path = "Then+Transform.swift"; sourceTree = "<group>"; };
		65A0102B2CA2DF95006DE40F /* PanModalHostingController.swift */ = {isa = PBXFileReference; lastKnownFileType = sourcecode.swift; path = PanModalHostingController.swift; sourceTree = "<group>"; };
		65A365692D9F7C4E002E280B /* PrototypingTests.xctest */ = {isa = PBXFileReference; explicitFileType = wrapper.cfbundle; includeInIndex = 0; path = PrototypingTests.xctest; sourceTree = BUILT_PRODUCTS_DIR; };
		65AB8BE22D65EBD900C29AC2 /* Publishers.playground */ = {isa = PBXFileReference; lastKnownFileType = file.playground; path = Publishers.playground; sourceTree = "<group>"; xcLanguageSpecificationIdentifier = xcode.lang.swift; };
		65AF617B2D9E9C8E006AB768 /* Codable.playground */ = {isa = PBXFileReference; lastKnownFileType = file.playground; path = Codable.playground; sourceTree = "<group>"; xcLanguageSpecificationIdentifier = xcode.lang.swift; };
		65BD59612D11657700FC82AF /* LottieViewController.swift */ = {isa = PBXFileReference; lastKnownFileType = sourcecode.swift; path = LottieViewController.swift; sourceTree = "<group>"; };
		65BD59712D12B70700FC82AF /* Animation_Lookback.json */ = {isa = PBXFileReference; fileEncoding = 4; lastKnownFileType = text.json; path = Animation_Lookback.json; sourceTree = "<group>"; };
		65D78B2A2CCA55990096ADCC /* CustomToast.swift */ = {isa = PBXFileReference; fileEncoding = 4; lastKnownFileType = sourcecode.swift; path = CustomToast.swift; sourceTree = "<group>"; };
		65D78B2B2CCA55990096ADCC /* CustomToastView.swift */ = {isa = PBXFileReference; fileEncoding = 4; lastKnownFileType = sourcecode.swift; path = CustomToastView.swift; sourceTree = "<group>"; };
		65D78B2D2CCA55990096ADCC /* ToastData.swift */ = {isa = PBXFileReference; fileEncoding = 4; lastKnownFileType = sourcecode.swift; path = ToastData.swift; sourceTree = "<group>"; };
		65D78B342CCA55A30096ADCC /* CustomToastViewTestController.swift */ = {isa = PBXFileReference; lastKnownFileType = sourcecode.swift; path = CustomToastViewTestController.swift; sourceTree = "<group>"; };
		65D78B382CCA5D230096ADCC /* CustomToastView.xib */ = {isa = PBXFileReference; fileEncoding = 4; lastKnownFileType = file.xib; path = CustomToastView.xib; sourceTree = "<group>"; };
		65E209522C89C38400E899BD /* CardViewerViewController.swift */ = {isa = PBXFileReference; lastKnownFileType = sourcecode.swift; path = CardViewerViewController.swift; sourceTree = "<group>"; };
		65E209542C89C9BA00E899BD /* Rotate3DImageView.swift */ = {isa = PBXFileReference; lastKnownFileType = sourcecode.swift; path = Rotate3DImageView.swift; sourceTree = "<group>"; };
		65E7AAFB2D000EAA00363CBB /* PhotoViewerViewController.swift */ = {isa = PBXFileReference; lastKnownFileType = sourcecode.swift; path = PhotoViewerViewController.swift; sourceTree = "<group>"; };
		65E7AAFE2D0010D800363CBB /* PhotoCell.swift */ = {isa = PBXFileReference; lastKnownFileType = sourcecode.swift; path = PhotoCell.swift; sourceTree = "<group>"; };
		65E7AB012D0160A900363CBB /* SkeletonTableViewController.swift */ = {isa = PBXFileReference; lastKnownFileType = sourcecode.swift; path = SkeletonTableViewController.swift; sourceTree = "<group>"; };
/* End PBXFileReference section */

/* Begin PBXFileSystemSynchronizedBuildFileExceptionSet section */
		65A365732D9F7C5A002E280B /* PBXFileSystemSynchronizedBuildFileExceptionSet */ = {
			isa = PBXFileSystemSynchronizedBuildFileExceptionSet;
			membershipExceptions = (
				CodableTest.swift,
			);
			target = 6576D3E02C4F5A2B00761785 /* Prototyping */;
		};
		65A365742D9F7C5A002E280B /* PBXFileSystemSynchronizedBuildFileExceptionSet */ = {
			isa = PBXFileSystemSynchronizedBuildFileExceptionSet;
			membershipExceptions = (
				CodableTest.swift,
			);
			target = 65A365682D9F7C4E002E280B /* PrototypingTests */;
		};
/* End PBXFileSystemSynchronizedBuildFileExceptionSet section */

/* Begin PBXFileSystemSynchronizedRootGroup section */
		650BEDA82DDB413500E88E65 /* BottomSheet */ = {isa = PBXFileSystemSynchronizedRootGroup; explicitFileTypes = {}; explicitFolders = (); path = BottomSheet; sourceTree = "<group>"; };
		6582EB5A2DCA1C2E00DF4504 /* Label+Stack */ = {isa = PBXFileSystemSynchronizedRootGroup; explicitFileTypes = {}; explicitFolders = (); path = "Label+Stack"; sourceTree = "<group>"; };
		658B02B02D82D55000FD2204 /* TableViewController */ = {isa = PBXFileSystemSynchronizedRootGroup; explicitFileTypes = {}; explicitFolders = (); path = TableViewController; sourceTree = "<group>"; };
		65A365622D9F7C03002E280B /* Test */ = {isa = PBXFileSystemSynchronizedRootGroup; exceptions = (65A365732D9F7C5A002E280B /* PBXFileSystemSynchronizedBuildFileExceptionSet */, 65A365742D9F7C5A002E280B /* PBXFileSystemSynchronizedBuildFileExceptionSet */, ); explicitFileTypes = {}; explicitFolders = (); path = Test; sourceTree = "<group>"; };
		65A3656A2D9F7C4E002E280B /* PrototypingTests */ = {isa = PBXFileSystemSynchronizedRootGroup; explicitFileTypes = {}; explicitFolders = (); path = PrototypingTests; sourceTree = "<group>"; };
		65A365992DA78546002E280B /* ParalaxView */ = {isa = PBXFileSystemSynchronizedRootGroup; explicitFileTypes = {}; explicitFolders = (); path = ParalaxView; sourceTree = "<group>"; };
		65AB8BDB2D65C7F000C29AC2 /* Then */ = {isa = PBXFileSystemSynchronizedRootGroup; explicitFileTypes = {}; explicitFolders = (); path = Then; sourceTree = "<group>"; };
		65CEA50C2D80600000DAF033 /* NumberCounter */ = {isa = PBXFileSystemSynchronizedRootGroup; explicitFileTypes = {}; explicitFolders = (); path = NumberCounter; sourceTree = "<group>"; };
		65EA42952D8D0610003DDE9C /* TextField */ = {isa = PBXFileSystemSynchronizedRootGroup; explicitFileTypes = {}; explicitFolders = (); path = TextField; sourceTree = "<group>"; };
		65F8A3E72D895A4E001320AE /* HtmlViewController */ = {isa = PBXFileSystemSynchronizedRootGroup; explicitFileTypes = {}; explicitFolders = (); path = HtmlViewController; sourceTree = "<group>"; };
		65FCDC732D7B1EB100761BF0 /* DateFormatter */ = {isa = PBXFileSystemSynchronizedRootGroup; explicitFileTypes = {}; explicitFolders = (); path = DateFormatter; sourceTree = "<group>"; };
/* End PBXFileSystemSynchronizedRootGroup section */

/* Begin PBXFrameworksBuildPhase section */
		6576D3DE2C4F5A2B00761785 /* Frameworks */ = {
			isa = PBXFrameworksBuildPhase;
			buildActionMask = 2147483647;
			files = (
				65E7AB0B2D01611F00363CBB /* SkeletonView in Frameworks */,
				651B57EA2CF09F1800C28D93 /* Then in Frameworks */,
				655936812C5249010096F710 /* SnapKit in Frameworks */,
				653ADD982C919CFB002C75A3 /* CryptoSwift in Frameworks */,
				65D78B242CCA39E90096ADCC /* SwiftMessages in Frameworks */,
				65A0102A2CA2D8A4006DE40F /* PanModal in Frameworks */,
				658856E12DB9DA6100FDA4DF /* CombineCocoa in Frameworks */,
				65BD595F2D11656600FC82AF /* Lottie in Frameworks */,
			);
			runOnlyForDeploymentPostprocessing = 0;
		};
		65A365662D9F7C4E002E280B /* Frameworks */ = {
			isa = PBXFrameworksBuildPhase;
			buildActionMask = 2147483647;
			files = (
			);
			runOnlyForDeploymentPostprocessing = 0;
		};
/* End PBXFrameworksBuildPhase section */

/* Begin PBXGroup section */
		6505A6002CE4A4AD00B95B40 /* Decimal */ = {
			isa = PBXGroup;
			children = (
				6505A6012CE4A4C100B95B40 /* DecimalViewController.swift */,
			);
			path = Decimal;
			sourceTree = "<group>";
		};
		651555972C9C3D760026C589 /* CustomView */ = {
			isa = PBXGroup;
			children = (
				656E2F982CC7AE7000462888 /* CustomSwitch */,
				651555982C9C3D8D0026C589 /* MyCustomView.swift */,
				656E2F9B2CC7B72800462888 /* CustomViewController.swift */,
			);
			path = CustomView;
			sourceTree = "<group>";
		};
		651E8FE12C6B112000F3A98D /* Chart */ = {
			isa = PBXGroup;
			children = (
				651E8FE22C6B112A00F3A98D /* LineChartView2.swift */,
				651E8FE82C6B3E4200F3A98D /* MyChartView.swift */,
				651E8FED2C6B595300F3A98D /* LineChartView.swift */,
				651E8FE42C6B122200F3A98D /* ChartData.swift */,
				651E8FE62C6B134600F3A98D /* ChartViewController.swift */,
			);
			path = Chart;
			sourceTree = "<group>";
		};
		651E8FEA2C6B43BD00F3A98D /* Extensions */ = {
			isa = PBXGroup;
			children = (
				651E8FEB2C6B43CF00F3A98D /* UIColor+Extension.swift */,
				6595805E2D2FE6E10009FB64 /* Then+Transform.swift */,
			);
			path = Extensions;
			sourceTree = "<group>";
		};
		652565042C50D59F000BA24C /* Stoaryboard */ = {
			isa = PBXGroup;
			children = (
				652565052C50D5AD000BA24C /* StackButtonsViewController.storyboard */,
			);
			path = Stoaryboard;
			sourceTree = "<group>";
		};
		652D324B2CD0F4A600DC54C6 /* Views */ = {
			isa = PBXGroup;
			children = (
				652D324C2CD0F4B900DC54C6 /* AtmCellContentView.swift */,
				652D32502CD0FD2E00DC54C6 /* BranchCellContentView.swift */,
			);
			path = Views;
			sourceTree = "<group>";
		};
		653ADD992C919D00002C75A3 /* Encryptor */ = {
			isa = PBXGroup;
			children = (
				653ADD9A2C919D0D002C75A3 /* Encryptor.playground */,
			);
			path = Encryptor;
			sourceTree = "<group>";
		};
		653ADD9B2C92DC6B002C75A3 /* Playground */ = {
			isa = PBXGroup;
			children = (
				653ADD992C919D00002C75A3 /* Encryptor */,
				653ADD9C2C92DC79002C75A3 /* Random.playground */,
				65AB8BE22D65EBD900C29AC2 /* Publishers.playground */,
				65AF617B2D9E9C8E006AB768 /* Codable.playground */,
				656EFFE82DCB217B009166B6 /* Regex.playground */,
			);
			path = Playground;
			sourceTree = "<group>";
		};
		655936822C5249110096F710 /* Snapkit */ = {
			isa = PBXGroup;
			children = (
				655936832C52491B0096F710 /* SnapkitViewController.swift */,
				658CCFEA2C5B7FF400ABE656 /* Snapkit2ViewController.swift */,
				656E2F902CC66CBD00462888 /* ABProfilePictureViewController.swift */,
			);
			path = Snapkit;
			sourceTree = "<group>";
		};
		655D71B22C64E91300C23B6E /* Combine */ = {
			isa = PBXGroup;
			children = (
				655D71B32C64E92100C23B6E /* SwiftCombineViewController.swift */,
			);
			path = Combine;
			sourceTree = "<group>";
		};
		656247252CDA3F8D00C2F7AC /* NavigationController */ = {
			isa = PBXGroup;
			children = (
				651B57E42CF0960D00C28D93 /* CustomNavigationBackViewController.swift */,
				651B57E62CF09C1F00C28D93 /* CustomInteractivePopTransition.swift */,
			);
			path = NavigationController;
			sourceTree = "<group>";
		};
		656E2F922CC66D1E00462888 /* Common */ = {
			isa = PBXGroup;
			children = (
				656E2F932CC66D2C00462888 /* NSObject+Extension.swift */,
				652D324E2CD0FB4300DC54C6 /* UIView+Extension.swift */,
			);
			path = Common;
			sourceTree = "<group>";
		};
		656E2F982CC7AE7000462888 /* CustomSwitch */ = {
			isa = PBXGroup;
			children = (
				656E2F992CC7AE9700462888 /* ABSwitchButton.swift */,
			);
			path = CustomSwitch;
			sourceTree = "<group>";
		};
		6576D3D82C4F5A2B00761785 = {
			isa = PBXGroup;
			children = (
				6576D3E32C4F5A2B00761785 /* Prototyping */,
				65A3656A2D9F7C4E002E280B /* PrototypingTests */,
				6576D3E22C4F5A2B00761785 /* Products */,
			);
			sourceTree = "<group>";
		};
		6576D3E22C4F5A2B00761785 /* Products */ = {
			isa = PBXGroup;
			children = (
				6576D3E12C4F5A2B00761785 /* Prototyping.app */,
				65A365692D9F7C4E002E280B /* PrototypingTests.xctest */,
			);
			name = Products;
			sourceTree = "<group>";
		};
		6576D3E32C4F5A2B00761785 /* Prototyping */ = {
			isa = PBXGroup;
			children = (
				650BEDA82DDB413500E88E65 /* BottomSheet */,
				6582EB5A2DCA1C2E00DF4504 /* Label+Stack */,
				65A365992DA78546002E280B /* ParalaxView */,
				65A365622D9F7C03002E280B /* Test */,
				65EA42952D8D0610003DDE9C /* TextField */,
				65F8A3E72D895A4E001320AE /* HtmlViewController */,
				658B02B02D82D55000FD2204 /* TableViewController */,
				65CEA50C2D80600000DAF033 /* NumberCounter */,
				65FCDC732D7B1EB100761BF0 /* DateFormatter */,
				65AB8BDB2D65C7F000C29AC2 /* Then */,
				6595803F2D2E7C3F0009FB64 /* ChatVC */,
				65BD59602D11656E00FC82AF /* LottieViewer */,
				65E7AB002D01609900363CBB /* SkeletonTableView */,
				65E7AAFA2D000E8700363CBB /* PhotoViewer */,
				658F8E822CF5EA33005183F2 /* SwiftUI+UIKit */,
				6505A6002CE4A4AD00B95B40 /* Decimal */,
				656247252CDA3F8D00C2F7AC /* NavigationController */,
				65D78B282CCA55600096ADCC /* CustomToast */,
				656E2F922CC66D1E00462888 /* Common */,
				65A010272CA2D86D006DE40F /* PanModal */,
				651555972C9C3D760026C589 /* CustomView */,
				653ADD9B2C92DC6B002C75A3 /* Playground */,
				65E209512C89C37000E899BD /* CardViewer */,
				651E8FEA2C6B43BD00F3A98D /* Extensions */,
				651E8FE12C6B112000F3A98D /* Chart */,
				655D71B22C64E91300C23B6E /* Combine */,
				655936822C5249110096F710 /* Snapkit */,
				652565042C50D59F000BA24C /* Stoaryboard */,
				6576D3E42C4F5A2B00761785 /* PrototypingApp.swift */,
				6576D3E62C4F5A2B00761785 /* ContentView.swift */,
				6576D3E82C4F5A2C00761785 /* Assets.xcassets */,
				6576D3EA2C4F5A2C00761785 /* Prototyping.entitlements */,
				6576D3EB2C4F5A2C00761785 /* Preview Content */,
				6576D3F32C4F5A6800761785 /* MyViewController.swift */,
				6576D3F52C50D28B00761785 /* StackButtonsViewController.swift */,
			);
			path = Prototyping;
			sourceTree = "<group>";
		};
		6576D3EB2C4F5A2C00761785 /* Preview Content */ = {
			isa = PBXGroup;
			children = (
				6576D3EC2C4F5A2C00761785 /* Preview Assets.xcassets */,
			);
			path = "Preview Content";
			sourceTree = "<group>";
		};
		658F8E822CF5EA33005183F2 /* SwiftUI+UIKit */ = {
			isa = PBXGroup;
			children = (
				658F8E832CF5EA4B005183F2 /* SwiftUIViewContainer.swift */,
				658F8E852CF5EBF2005183F2 /* AnyUIView.swift */,
			);
			path = "SwiftUI+UIKit";
			sourceTree = "<group>";
		};
		6595803F2D2E7C3F0009FB64 /* ChatVC */ = {
			isa = PBXGroup;
			children = (
				659580442D2E7D940009FB64 /* Model */,
				659580402D2E7C570009FB64 /* ChatViewController.swift */,
				659580422D2E7D010009FB64 /* ChatViewModel.swift */,
				659580472D2E80E40009FB64 /* ChatMessageTableViewCell.swift */,
			);
			path = ChatVC;
			sourceTree = "<group>";
		};
		659580442D2E7D940009FB64 /* Model */ = {
			isa = PBXGroup;
			children = (
				659580452D2E7DA10009FB64 /* ChatConversationModel.swift */,
			);
			path = Model;
			sourceTree = "<group>";
		};
		65A010272CA2D86D006DE40F /* PanModal */ = {
			isa = PBXGroup;
			children = (
				652D324B2CD0F4A600DC54C6 /* Views */,
				65A0102B2CA2DF95006DE40F /* PanModalHostingController.swift */,
				652D32492CD0E78500DC54C6 /* PanModalHostingController2.swift */,
			);
			path = PanModal;
			sourceTree = "<group>";
		};
		65BD59602D11656E00FC82AF /* LottieViewer */ = {
			isa = PBXGroup;
			children = (
				65BD59712D12B70700FC82AF /* Animation_Lookback.json */,
				65BD59612D11657700FC82AF /* LottieViewController.swift */,
			);
			path = LottieViewer;
			sourceTree = "<group>";
		};
		65D78B282CCA55600096ADCC /* CustomToast */ = {
			isa = PBXGroup;
			children = (
				65D78B292CCA55990096ADCC /* CustomToastView */,
				65D78B342CCA55A30096ADCC /* CustomToastViewTestController.swift */,
			);
			path = CustomToast;
			sourceTree = "<group>";
		};
		65D78B292CCA55990096ADCC /* CustomToastView */ = {
			isa = PBXGroup;
			children = (
				65D78B2A2CCA55990096ADCC /* CustomToast.swift */,
				65D78B2B2CCA55990096ADCC /* CustomToastView.swift */,
				65D78B2D2CCA55990096ADCC /* ToastData.swift */,
				65D78B382CCA5D230096ADCC /* CustomToastView.xib */,
			);
			path = CustomToastView;
			sourceTree = "<group>";
		};
		65E209512C89C37000E899BD /* CardViewer */ = {
			isa = PBXGroup;
			children = (
				65E209522C89C38400E899BD /* CardViewerViewController.swift */,
				65E209542C89C9BA00E899BD /* Rotate3DImageView.swift */,
			);
			path = CardViewer;
			sourceTree = "<group>";
		};
		65E7AAFA2D000E8700363CBB /* PhotoViewer */ = {
			isa = PBXGroup;
			children = (
				65E7AAFD2D0010CF00363CBB /* Cells */,
				6505CD6F2D06F8560066470E /* CubePageViewController.swift */,
				65E7AAFB2D000EAA00363CBB /* PhotoViewerViewController.swift */,
				6508C9E22D0FD86700FEBA0C /* PhotoViewerCollectionViewLayout.swift */,
			);
			path = PhotoViewer;
			sourceTree = "<group>";
		};
		65E7AAFD2D0010CF00363CBB /* Cells */ = {
			isa = PBXGroup;
			children = (
				65E7AAFE2D0010D800363CBB /* PhotoCell.swift */,
			);
			path = Cells;
			sourceTree = "<group>";
		};
		65E7AB002D01609900363CBB /* SkeletonTableView */ = {
			isa = PBXGroup;
			children = (
				65E7AB012D0160A900363CBB /* SkeletonTableViewController.swift */,
			);
			path = SkeletonTableView;
			sourceTree = "<group>";
		};
/* End PBXGroup section */

/* Begin PBXNativeTarget section */
		6576D3E02C4F5A2B00761785 /* Prototyping */ = {
			isa = PBXNativeTarget;
			buildConfigurationList = 6576D3F02C4F5A2C00761785 /* Build configuration list for PBXNativeTarget "Prototyping" */;
			buildPhases = (
				6576D3DD2C4F5A2B00761785 /* Sources */,
				6576D3DE2C4F5A2B00761785 /* Frameworks */,
				6576D3DF2C4F5A2B00761785 /* Resources */,
				65F8A3EB2D895D70001320AE /* Embed Frameworks */,
			);
			buildRules = (
			);
			dependencies = (
			);
			fileSystemSynchronizedGroups = (
				650BEDA82DDB413500E88E65 /* BottomSheet */,
				6582EB5A2DCA1C2E00DF4504 /* Label+Stack */,
				658B02B02D82D55000FD2204 /* TableViewController */,
				65A365622D9F7C03002E280B /* Test */,
				65A365992DA78546002E280B /* ParalaxView */,
				65AB8BDB2D65C7F000C29AC2 /* Then */,
				65CEA50C2D80600000DAF033 /* NumberCounter */,
				65EA42952D8D0610003DDE9C /* TextField */,
				65F8A3E72D895A4E001320AE /* HtmlViewController */,
				65FCDC732D7B1EB100761BF0 /* DateFormatter */,
			);
			name = Prototyping;
			packageProductDependencies = (
				655936802C5249010096F710 /* SnapKit */,
				653ADD972C919CFB002C75A3 /* CryptoSwift */,
				65A010292CA2D8A4006DE40F /* PanModal */,
				65D78B232CCA39E90096ADCC /* SwiftMessages */,
				651B57E92CF09F1800C28D93 /* Then */,
				65E7AB0A2D01611F00363CBB /* SkeletonView */,
				65BD595E2D11656600FC82AF /* Lottie */,
				658856E02DB9DA6100FDA4DF /* CombineCocoa */,
			);
			productName = Prototyping;
			productReference = 6576D3E12C4F5A2B00761785 /* Prototyping.app */;
			productType = "com.apple.product-type.application";
		};
		65A365682D9F7C4E002E280B /* PrototypingTests */ = {
			isa = PBXNativeTarget;
			buildConfigurationList = 65A3656F2D9F7C4E002E280B /* Build configuration list for PBXNativeTarget "PrototypingTests" */;
			buildPhases = (
				65A365652D9F7C4E002E280B /* Sources */,
				65A365662D9F7C4E002E280B /* Frameworks */,
				65A365672D9F7C4E002E280B /* Resources */,
			);
			buildRules = (
			);
			dependencies = (
				65A3656E2D9F7C4E002E280B /* PBXTargetDependency */,
			);
			fileSystemSynchronizedGroups = (
				65A3656A2D9F7C4E002E280B /* PrototypingTests */,
			);
			name = PrototypingTests;
			packageProductDependencies = (
			);
			productName = PrototypingTests;
			productReference = 65A365692D9F7C4E002E280B /* PrototypingTests.xctest */;
			productType = "com.apple.product-type.bundle.unit-test";
		};
/* End PBXNativeTarget section */

/* Begin PBXProject section */
		6576D3D92C4F5A2B00761785 /* Project object */ = {
			isa = PBXProject;
			attributes = {
				BuildIndependentTargetsInParallel = 1;
				LastSwiftUpdateCheck = 1620;
				LastUpgradeCheck = 1520;
				TargetAttributes = {
					6576D3E02C4F5A2B00761785 = {
						CreatedOnToolsVersion = 15.2;
					};
					65A365682D9F7C4E002E280B = {
						CreatedOnToolsVersion = 16.2;
						TestTargetID = 6576D3E02C4F5A2B00761785;
					};
				};
			};
			buildConfigurationList = 6576D3DC2C4F5A2B00761785 /* Build configuration list for PBXProject "Prototyping" */;
			compatibilityVersion = "Xcode 14.0";
			developmentRegion = en;
			hasScannedForEncodings = 0;
			knownRegions = (
				en,
				Base,
			);
			mainGroup = 6576D3D82C4F5A2B00761785;
			packageReferences = (
				6559367F2C5249010096F710 /* XCRemoteSwiftPackageReference "snapkit" */,
				653ADD962C919CFB002C75A3 /* XCRemoteSwiftPackageReference "CryptoSwift" */,
				65A010282CA2D8A4006DE40F /* XCRemoteSwiftPackageReference "PanModal" */,
				65D78B222CCA39E90096ADCC /* XCRemoteSwiftPackageReference "SwiftMessages" */,
				651B57E82CF09F1800C28D93 /* XCRemoteSwiftPackageReference "Then" */,
				65E7AB092D01611F00363CBB /* XCRemoteSwiftPackageReference "SkeletonView" */,
				65BD595D2D11656600FC82AF /* XCRemoteSwiftPackageReference "lottie-ios" */,
				658856DF2DB9DA6100FDA4DF /* XCRemoteSwiftPackageReference "CombineCocoa" */,
			);
			productRefGroup = 6576D3E22C4F5A2B00761785 /* Products */;
			projectDirPath = "";
			projectRoot = "";
			targets = (
				6576D3E02C4F5A2B00761785 /* Prototyping */,
				65A365682D9F7C4E002E280B /* PrototypingTests */,
			);
		};
/* End PBXProject section */

/* Begin PBXResourcesBuildPhase section */
		6576D3DF2C4F5A2B00761785 /* Resources */ = {
			isa = PBXResourcesBuildPhase;
			buildActionMask = 2147483647;
			files = (
				652565062C50D5AD000BA24C /* StackButtonsViewController.storyboard in Resources */,
				65D78B392CCA5D230096ADCC /* CustomToastView.xib in Resources */,
				6576D3ED2C4F5A2C00761785 /* Preview Assets.xcassets in Resources */,
				65BD59722D12B70700FC82AF /* Animation_Lookback.json in Resources */,
				6576D3E92C4F5A2C00761785 /* Assets.xcassets in Resources */,
			);
			runOnlyForDeploymentPostprocessing = 0;
		};
		65A365672D9F7C4E002E280B /* Resources */ = {
			isa = PBXResourcesBuildPhase;
			buildActionMask = 2147483647;
			files = (
			);
			runOnlyForDeploymentPostprocessing = 0;
		};
/* End PBXResourcesBuildPhase section */

/* Begin PBXSourcesBuildPhase section */
		6576D3DD2C4F5A2B00761785 /* Sources */ = {
			isa = PBXSourcesBuildPhase;
			buildActionMask = 2147483647;
			files = (
				65D78B2F2CCA55990096ADCC /* CustomToast.swift in Sources */,
				655936842C52491B0096F710 /* SnapkitViewController.swift in Sources */,
				6505A6022CE4A4C100B95B40 /* DecimalViewController.swift in Sources */,
				651E8FE32C6B112A00F3A98D /* LineChartView2.swift in Sources */,
				65E209532C89C38400E899BD /* CardViewerViewController.swift in Sources */,
				65BD59622D11657700FC82AF /* LottieViewController.swift in Sources */,
				651E8FE92C6B3E4200F3A98D /* MyChartView.swift in Sources */,
				651E8FEE2C6B595300F3A98D /* LineChartView.swift in Sources */,
				65D78B302CCA55990096ADCC /* CustomToastView.swift in Sources */,
				659580482D2E80E40009FB64 /* ChatMessageTableViewCell.swift in Sources */,
				651E8FEC2C6B43CF00F3A98D /* UIColor+Extension.swift in Sources */,
				6576D3E72C4F5A2B00761785 /* ContentView.swift in Sources */,
				651B57E52CF0960D00C28D93 /* CustomNavigationBackViewController.swift in Sources */,
				656E2F912CC66CBD00462888 /* ABProfilePictureViewController.swift in Sources */,
				652D324A2CD0E78500DC54C6 /* PanModalHostingController2.swift in Sources */,
				659580462D2E7DA10009FB64 /* ChatConversationModel.swift in Sources */,
				655D71B42C64E92100C23B6E /* SwiftCombineViewController.swift in Sources */,
				6508C9E32D0FD86700FEBA0C /* PhotoViewerCollectionViewLayout.swift in Sources */,
				65D78B322CCA55990096ADCC /* ToastData.swift in Sources */,
				651E8FE52C6B122200F3A98D /* ChartData.swift in Sources */,
				6505CD702D06F8560066470E /* CubePageViewController.swift in Sources */,
				651555992C9C3D8D0026C589 /* MyCustomView.swift in Sources */,
				65E7AAFC2D000EAA00363CBB /* PhotoViewerViewController.swift in Sources */,
				651B57E72CF09C1F00C28D93 /* CustomInteractivePopTransition.swift in Sources */,
				659580432D2E7D010009FB64 /* ChatViewModel.swift in Sources */,
				65A0102C2CA2DF95006DE40F /* PanModalHostingController.swift in Sources */,
				6576D3F42C4F5A6800761785 /* MyViewController.swift in Sources */,
				65E209552C89C9BA00E899BD /* Rotate3DImageView.swift in Sources */,
				656E2F942CC66D2C00462888 /* NSObject+Extension.swift in Sources */,
				65E7AB022D0160A900363CBB /* SkeletonTableViewController.swift in Sources */,
				652D324D2CD0F4B900DC54C6 /* AtmCellContentView.swift in Sources */,
				65D78B352CCA55A30096ADCC /* CustomToastViewTestController.swift in Sources */,
				652D32512CD0FD2E00DC54C6 /* BranchCellContentView.swift in Sources */,
				656E2F9C2CC7B72800462888 /* CustomViewController.swift in Sources */,
				652D324F2CD0FB4300DC54C6 /* UIView+Extension.swift in Sources */,
				6595805F2D2FE6E10009FB64 /* Then+Transform.swift in Sources */,
				65E7AAFF2D0010D800363CBB /* PhotoCell.swift in Sources */,
				6576D3F62C50D28B00761785 /* StackButtonsViewController.swift in Sources */,
				658F8E842CF5EA4B005183F2 /* SwiftUIViewContainer.swift in Sources */,
				658CCFEB2C5B7FF400ABE656 /* Snapkit2ViewController.swift in Sources */,
				6576D3E52C4F5A2B00761785 /* PrototypingApp.swift in Sources */,
				659580412D2E7C570009FB64 /* ChatViewController.swift in Sources */,
				658F8E862CF5EBF2005183F2 /* AnyUIView.swift in Sources */,
				651E8FE72C6B134600F3A98D /* ChartViewController.swift in Sources */,
				656E2F9A2CC7AE9700462888 /* ABSwitchButton.swift in Sources */,
			);
			runOnlyForDeploymentPostprocessing = 0;
		};
		65A365652D9F7C4E002E280B /* Sources */ = {
			isa = PBXSourcesBuildPhase;
			buildActionMask = 2147483647;
			files = (
			);
			runOnlyForDeploymentPostprocessing = 0;
		};
/* End PBXSourcesBuildPhase section */

/* Begin PBXTargetDependency section */
		65A3656E2D9F7C4E002E280B /* PBXTargetDependency */ = {
			isa = PBXTargetDependency;
			target = 6576D3E02C4F5A2B00761785 /* Prototyping */;
			targetProxy = 65A3656D2D9F7C4E002E280B /* PBXContainerItemProxy */;
		};
/* End PBXTargetDependency section */

/* Begin XCBuildConfiguration section */
		6576D3EE2C4F5A2C00761785 /* Debug */ = {
			isa = XCBuildConfiguration;
			buildSettings = {
				ALWAYS_SEARCH_USER_PATHS = NO;
				ASSETCATALOG_COMPILER_GENERATE_SWIFT_ASSET_SYMBOL_EXTENSIONS = YES;
				CLANG_ANALYZER_NONNULL = YES;
				CLANG_ANALYZER_NUMBER_OBJECT_CONVERSION = YES_AGGRESSIVE;
				CLANG_CXX_LANGUAGE_STANDARD = "gnu++20";
				CLANG_ENABLE_MODULES = YES;
				CLANG_ENABLE_OBJC_ARC = YES;
				CLANG_ENABLE_OBJC_WEAK = YES;
				CLANG_WARN_BLOCK_CAPTURE_AUTORELEASING = YES;
				CLANG_WARN_BOOL_CONVERSION = YES;
				CLANG_WARN_COMMA = YES;
				CLANG_WARN_CONSTANT_CONVERSION = YES;
				CLANG_WARN_DEPRECATED_OBJC_IMPLEMENTATIONS = YES;
				CLANG_WARN_DIRECT_OBJC_ISA_USAGE = YES_ERROR;
				CLANG_WARN_DOCUMENTATION_COMMENTS = YES;
				CLANG_WARN_EMPTY_BODY = YES;
				CLANG_WARN_ENUM_CONVERSION = YES;
				CLANG_WARN_INFINITE_RECURSION = YES;
				CLANG_WARN_INT_CONVERSION = YES;
				CLANG_WARN_NON_LITERAL_NULL_CONVERSION = YES;
				CLANG_WARN_OBJC_IMPLICIT_RETAIN_SELF = YES;
				CLANG_WARN_OBJC_LITERAL_CONVERSION = YES;
				CLANG_WARN_OBJC_ROOT_CLASS = YES_ERROR;
				CLANG_WARN_QUOTED_INCLUDE_IN_FRAMEWORK_HEADER = YES;
				CLANG_WARN_RANGE_LOOP_ANALYSIS = YES;
				CLANG_WARN_STRICT_PROTOTYPES = YES;
				CLANG_WARN_SUSPICIOUS_MOVE = YES;
				CLANG_WARN_UNGUARDED_AVAILABILITY = YES_AGGRESSIVE;
				CLANG_WARN_UNREACHABLE_CODE = YES;
				CLANG_WARN__DUPLICATE_METHOD_MATCH = YES;
				COPY_PHASE_STRIP = NO;
				DEBUG_INFORMATION_FORMAT = dwarf;
				ENABLE_STRICT_OBJC_MSGSEND = YES;
				ENABLE_TESTABILITY = YES;
				ENABLE_USER_SCRIPT_SANDBOXING = YES;
				GCC_C_LANGUAGE_STANDARD = gnu17;
				GCC_DYNAMIC_NO_PIC = NO;
				GCC_NO_COMMON_BLOCKS = YES;
				GCC_OPTIMIZATION_LEVEL = 0;
				GCC_PREPROCESSOR_DEFINITIONS = (
					"DEBUG=1",
					"$(inherited)",
				);
				GCC_WARN_64_TO_32_BIT_CONVERSION = YES;
				GCC_WARN_ABOUT_RETURN_TYPE = YES_ERROR;
				GCC_WARN_UNDECLARED_SELECTOR = YES;
				GCC_WARN_UNINITIALIZED_AUTOS = YES_AGGRESSIVE;
				GCC_WARN_UNUSED_FUNCTION = YES;
				GCC_WARN_UNUSED_VARIABLE = YES;
				LOCALIZATION_PREFERS_STRING_CATALOGS = YES;
				MTL_ENABLE_DEBUG_INFO = INCLUDE_SOURCE;
				MTL_FAST_MATH = YES;
				ONLY_ACTIVE_ARCH = YES;
				SWIFT_ACTIVE_COMPILATION_CONDITIONS = "DEBUG $(inherited)";
				SWIFT_OPTIMIZATION_LEVEL = "-Onone";
			};
			name = Debug;
		};
		6576D3EF2C4F5A2C00761785 /* Release */ = {
			isa = XCBuildConfiguration;
			buildSettings = {
				ALWAYS_SEARCH_USER_PATHS = NO;
				ASSETCATALOG_COMPILER_GENERATE_SWIFT_ASSET_SYMBOL_EXTENSIONS = YES;
				CLANG_ANALYZER_NONNULL = YES;
				CLANG_ANALYZER_NUMBER_OBJECT_CONVERSION = YES_AGGRESSIVE;
				CLANG_CXX_LANGUAGE_STANDARD = "gnu++20";
				CLANG_ENABLE_MODULES = YES;
				CLANG_ENABLE_OBJC_ARC = YES;
				CLANG_ENABLE_OBJC_WEAK = YES;
				CLANG_WARN_BLOCK_CAPTURE_AUTORELEASING = YES;
				CLANG_WARN_BOOL_CONVERSION = YES;
				CLANG_WARN_COMMA = YES;
				CLANG_WARN_CONSTANT_CONVERSION = YES;
				CLANG_WARN_DEPRECATED_OBJC_IMPLEMENTATIONS = YES;
				CLANG_WARN_DIRECT_OBJC_ISA_USAGE = YES_ERROR;
				CLANG_WARN_DOCUMENTATION_COMMENTS = YES;
				CLANG_WARN_EMPTY_BODY = YES;
				CLANG_WARN_ENUM_CONVERSION = YES;
				CLANG_WARN_INFINITE_RECURSION = YES;
				CLANG_WARN_INT_CONVERSION = YES;
				CLANG_WARN_NON_LITERAL_NULL_CONVERSION = YES;
				CLANG_WARN_OBJC_IMPLICIT_RETAIN_SELF = YES;
				CLANG_WARN_OBJC_LITERAL_CONVERSION = YES;
				CLANG_WARN_OBJC_ROOT_CLASS = YES_ERROR;
				CLANG_WARN_QUOTED_INCLUDE_IN_FRAMEWORK_HEADER = YES;
				CLANG_WARN_RANGE_LOOP_ANALYSIS = YES;
				CLANG_WARN_STRICT_PROTOTYPES = YES;
				CLANG_WARN_SUSPICIOUS_MOVE = YES;
				CLANG_WARN_UNGUARDED_AVAILABILITY = YES_AGGRESSIVE;
				CLANG_WARN_UNREACHABLE_CODE = YES;
				CLANG_WARN__DUPLICATE_METHOD_MATCH = YES;
				COPY_PHASE_STRIP = NO;
				DEBUG_INFORMATION_FORMAT = "dwarf-with-dsym";
				ENABLE_NS_ASSERTIONS = NO;
				ENABLE_STRICT_OBJC_MSGSEND = YES;
				ENABLE_USER_SCRIPT_SANDBOXING = YES;
				GCC_C_LANGUAGE_STANDARD = gnu17;
				GCC_NO_COMMON_BLOCKS = YES;
				GCC_WARN_64_TO_32_BIT_CONVERSION = YES;
				GCC_WARN_ABOUT_RETURN_TYPE = YES_ERROR;
				GCC_WARN_UNDECLARED_SELECTOR = YES;
				GCC_WARN_UNINITIALIZED_AUTOS = YES_AGGRESSIVE;
				GCC_WARN_UNUSED_FUNCTION = YES;
				GCC_WARN_UNUSED_VARIABLE = YES;
				LOCALIZATION_PREFERS_STRING_CATALOGS = YES;
				MTL_ENABLE_DEBUG_INFO = NO;
				MTL_FAST_MATH = YES;
				SWIFT_COMPILATION_MODE = wholemodule;
			};
			name = Release;
		};
		6576D3F12C4F5A2C00761785 /* Debug */ = {
			isa = XCBuildConfiguration;
			buildSettings = {
				ASSETCATALOG_COMPILER_APPICON_NAME = AppIcon;
				ASSETCATALOG_COMPILER_GLOBAL_ACCENT_COLOR_NAME = AccentColor;
				CODE_SIGN_ENTITLEMENTS = Prototyping/Prototyping.entitlements;
				CODE_SIGN_STYLE = Automatic;
				CURRENT_PROJECT_VERSION = 1;
				DEVELOPMENT_ASSET_PATHS = "\"Prototyping/Preview Content\"";
				DEVELOPMENT_TEAM = JAL984MN62;
				ENABLE_PREVIEWS = YES;
				GENERATE_INFOPLIST_FILE = YES;
				INFOPLIST_KEY_NSPhotoLibraryUsageDescription = "App would like to access photos to view";
				"INFOPLIST_KEY_UIApplicationSceneManifest_Generation[sdk=iphoneos*]" = YES;
				"INFOPLIST_KEY_UIApplicationSceneManifest_Generation[sdk=iphonesimulator*]" = YES;
				"INFOPLIST_KEY_UIApplicationSupportsIndirectInputEvents[sdk=iphoneos*]" = YES;
				"INFOPLIST_KEY_UIApplicationSupportsIndirectInputEvents[sdk=iphonesimulator*]" = YES;
				"INFOPLIST_KEY_UILaunchScreen_Generation[sdk=iphoneos*]" = YES;
				"INFOPLIST_KEY_UILaunchScreen_Generation[sdk=iphonesimulator*]" = YES;
				"INFOPLIST_KEY_UIStatusBarStyle[sdk=iphoneos*]" = UIStatusBarStyleDefault;
				"INFOPLIST_KEY_UIStatusBarStyle[sdk=iphonesimulator*]" = UIStatusBarStyleDefault;
				INFOPLIST_KEY_UISupportedInterfaceOrientations = "UIInterfaceOrientationLandscapeLeft UIInterfaceOrientationLandscapeRight UIInterfaceOrientationPortrait";
				INFOPLIST_KEY_UISupportedInterfaceOrientations_iPad = "UIInterfaceOrientationLandscapeLeft UIInterfaceOrientationLandscapeRight UIInterfaceOrientationPortrait UIInterfaceOrientationPortraitUpsideDown";
				IPHONEOS_DEPLOYMENT_TARGET = 17.2;
				LD_RUNPATH_SEARCH_PATHS = "@executable_path/Frameworks";
				"LD_RUNPATH_SEARCH_PATHS[sdk=macosx*]" = "@executable_path/../Frameworks";
				MACOSX_DEPLOYMENT_TARGET = 14.2;
				MARKETING_VERSION = 1.0;
				PRODUCT_BUNDLE_IDENTIFIER = eddie.Prototyping;
				PRODUCT_NAME = "$(TARGET_NAME)";
				SDKROOT = auto;
				SUPPORTED_PLATFORMS = "iphoneos iphonesimulator macosx";
				SWIFT_EMIT_LOC_STRINGS = YES;
				SWIFT_VERSION = 5.0;
				TARGETED_DEVICE_FAMILY = "1,2";
			};
			name = Debug;
		};
		6576D3F22C4F5A2C00761785 /* Release */ = {
			isa = XCBuildConfiguration;
			buildSettings = {
				ASSETCATALOG_COMPILER_APPICON_NAME = AppIcon;
				ASSETCATALOG_COMPILER_GLOBAL_ACCENT_COLOR_NAME = AccentColor;
				CODE_SIGN_ENTITLEMENTS = Prototyping/Prototyping.entitlements;
				CODE_SIGN_STYLE = Automatic;
				CURRENT_PROJECT_VERSION = 1;
				DEVELOPMENT_ASSET_PATHS = "\"Prototyping/Preview Content\"";
				DEVELOPMENT_TEAM = JAL984MN62;
				ENABLE_PREVIEWS = YES;
				GENERATE_INFOPLIST_FILE = YES;
				INFOPLIST_KEY_NSPhotoLibraryUsageDescription = "App would like to access photos to view";
				"INFOPLIST_KEY_UIApplicationSceneManifest_Generation[sdk=iphoneos*]" = YES;
				"INFOPLIST_KEY_UIApplicationSceneManifest_Generation[sdk=iphonesimulator*]" = YES;
				"INFOPLIST_KEY_UIApplicationSupportsIndirectInputEvents[sdk=iphoneos*]" = YES;
				"INFOPLIST_KEY_UIApplicationSupportsIndirectInputEvents[sdk=iphonesimulator*]" = YES;
				"INFOPLIST_KEY_UILaunchScreen_Generation[sdk=iphoneos*]" = YES;
				"INFOPLIST_KEY_UILaunchScreen_Generation[sdk=iphonesimulator*]" = YES;
				"INFOPLIST_KEY_UIStatusBarStyle[sdk=iphoneos*]" = UIStatusBarStyleDefault;
				"INFOPLIST_KEY_UIStatusBarStyle[sdk=iphonesimulator*]" = UIStatusBarStyleDefault;
				INFOPLIST_KEY_UISupportedInterfaceOrientations = "UIInterfaceOrientationLandscapeLeft UIInterfaceOrientationLandscapeRight UIInterfaceOrientationPortrait";
				INFOPLIST_KEY_UISupportedInterfaceOrientations_iPad = "UIInterfaceOrientationLandscapeLeft UIInterfaceOrientationLandscapeRight UIInterfaceOrientationPortrait UIInterfaceOrientationPortraitUpsideDown";
				IPHONEOS_DEPLOYMENT_TARGET = 17.2;
				LD_RUNPATH_SEARCH_PATHS = "@executable_path/Frameworks";
				"LD_RUNPATH_SEARCH_PATHS[sdk=macosx*]" = "@executable_path/../Frameworks";
				MACOSX_DEPLOYMENT_TARGET = 14.2;
				MARKETING_VERSION = 1.0;
				PRODUCT_BUNDLE_IDENTIFIER = eddie.Prototyping;
				PRODUCT_NAME = "$(TARGET_NAME)";
				SDKROOT = auto;
				SUPPORTED_PLATFORMS = "iphoneos iphonesimulator macosx";
				SWIFT_EMIT_LOC_STRINGS = YES;
				SWIFT_VERSION = 5.0;
				TARGETED_DEVICE_FAMILY = "1,2";
			};
			name = Release;
		};
		65A365702D9F7C4E002E280B /* Debug */ = {
			isa = XCBuildConfiguration;
			buildSettings = {
				BUNDLE_LOADER = "$(TEST_HOST)";
				CODE_SIGN_STYLE = Automatic;
				CURRENT_PROJECT_VERSION = 1;
				DEVELOPMENT_TEAM = JAL984MN62;
				GENERATE_INFOPLIST_FILE = YES;
				IPHONEOS_DEPLOYMENT_TARGET = 17.0;
				MARKETING_VERSION = 1.0;
				PRODUCT_BUNDLE_IDENTIFIER = eddie.PrototypingTests;
				PRODUCT_NAME = "$(TARGET_NAME)";
				SDKROOT = iphoneos;
				SWIFT_EMIT_LOC_STRINGS = NO;
				SWIFT_VERSION = 5.0;
				TARGETED_DEVICE_FAMILY = "1,2";
				TEST_HOST = "$(BUILT_PRODUCTS_DIR)/Prototyping.app/$(BUNDLE_EXECUTABLE_FOLDER_PATH)/Prototyping";
			};
			name = Debug;
		};
		65A365712D9F7C4E002E280B /* Release */ = {
			isa = XCBuildConfiguration;
			buildSettings = {
				BUNDLE_LOADER = "$(TEST_HOST)";
				CODE_SIGN_STYLE = Automatic;
				CURRENT_PROJECT_VERSION = 1;
				DEVELOPMENT_TEAM = JAL984MN62;
				GENERATE_INFOPLIST_FILE = YES;
				IPHONEOS_DEPLOYMENT_TARGET = 17.0;
				MARKETING_VERSION = 1.0;
				PRODUCT_BUNDLE_IDENTIFIER = eddie.PrototypingTests;
				PRODUCT_NAME = "$(TARGET_NAME)";
				SDKROOT = iphoneos;
				SWIFT_EMIT_LOC_STRINGS = NO;
				SWIFT_VERSION = 5.0;
				TARGETED_DEVICE_FAMILY = "1,2";
				TEST_HOST = "$(BUILT_PRODUCTS_DIR)/Prototyping.app/$(BUNDLE_EXECUTABLE_FOLDER_PATH)/Prototyping";
				VALIDATE_PRODUCT = YES;
			};
			name = Release;
		};
/* End XCBuildConfiguration section */

/* Begin XCConfigurationList section */
		6576D3DC2C4F5A2B00761785 /* Build configuration list for PBXProject "Prototyping" */ = {
			isa = XCConfigurationList;
			buildConfigurations = (
				6576D3EE2C4F5A2C00761785 /* Debug */,
				6576D3EF2C4F5A2C00761785 /* Release */,
			);
			defaultConfigurationIsVisible = 0;
			defaultConfigurationName = Release;
		};
		6576D3F02C4F5A2C00761785 /* Build configuration list for PBXNativeTarget "Prototyping" */ = {
			isa = XCConfigurationList;
			buildConfigurations = (
				6576D3F12C4F5A2C00761785 /* Debug */,
				6576D3F22C4F5A2C00761785 /* Release */,
			);
			defaultConfigurationIsVisible = 0;
			defaultConfigurationName = Release;
		};
		65A3656F2D9F7C4E002E280B /* Build configuration list for PBXNativeTarget "PrototypingTests" */ = {
			isa = XCConfigurationList;
			buildConfigurations = (
				65A365702D9F7C4E002E280B /* Debug */,
				65A365712D9F7C4E002E280B /* Release */,
			);
			defaultConfigurationIsVisible = 0;
			defaultConfigurationName = Release;
		};
/* End XCConfigurationList section */

/* Begin XCRemoteSwiftPackageReference section */
		651B57E82CF09F1800C28D93 /* XCRemoteSwiftPackageReference "Then" */ = {
			isa = XCRemoteSwiftPackageReference;
			repositoryURL = "https://github.com/devxoul/Then";
			requirement = {
				kind = upToNextMajorVersion;
				minimumVersion = 3.0.0;
			};
		};
		653ADD962C919CFB002C75A3 /* XCRemoteSwiftPackageReference "CryptoSwift" */ = {
			isa = XCRemoteSwiftPackageReference;
			repositoryURL = "https://github.com/krzyzanowskim/CryptoSwift";
			requirement = {
				kind = upToNextMajorVersion;
				minimumVersion = 1.8.3;
			};
		};
		6559367F2C5249010096F710 /* XCRemoteSwiftPackageReference "snapkit" */ = {
			isa = XCRemoteSwiftPackageReference;
			repositoryURL = "https://github.com/snapkit/snapkit/";
			requirement = {
				kind = upToNextMajorVersion;
				minimumVersion = 5.7.1;
			};
		};
		658856DF2DB9DA6100FDA4DF /* XCRemoteSwiftPackageReference "CombineCocoa" */ = {
			isa = XCRemoteSwiftPackageReference;
			repositoryURL = "https://github.com/CombineCommunity/CombineCocoa.git";
			requirement = {
				kind = upToNextMajorVersion;
				minimumVersion = 0.4.1;
			};
		};
		65A010282CA2D8A4006DE40F /* XCRemoteSwiftPackageReference "PanModal" */ = {
			isa = XCRemoteSwiftPackageReference;
			repositoryURL = "https://github.com/slackhq/PanModal.git";
			requirement = {
				kind = upToNextMajorVersion;
				minimumVersion = 1.2.7;
			};
		};
		65BD595D2D11656600FC82AF /* XCRemoteSwiftPackageReference "lottie-ios" */ = {
			isa = XCRemoteSwiftPackageReference;
			repositoryURL = "https://github.com/airbnb/lottie-ios";
			requirement = {
				kind = upToNextMajorVersion;
				minimumVersion = 4.5.0;
			};
		};
		65D78B222CCA39E90096ADCC /* XCRemoteSwiftPackageReference "SwiftMessages" */ = {
			isa = XCRemoteSwiftPackageReference;
			repositoryURL = "https://github.com/SwiftKickMobile/SwiftMessages";
			requirement = {
				kind = upToNextMajorVersion;
				minimumVersion = 10.0.1;
			};
		};
		65E7AB092D01611F00363CBB /* XCRemoteSwiftPackageReference "SkeletonView" */ = {
			isa = XCRemoteSwiftPackageReference;
			repositoryURL = "https://github.com/Juanpe/SkeletonView";
			requirement = {
				kind = upToNextMajorVersion;
				minimumVersion = 1.31.0;
			};
		};
/* End XCRemoteSwiftPackageReference section */

/* Begin XCSwiftPackageProductDependency section */
		651B57E92CF09F1800C28D93 /* Then */ = {
			isa = XCSwiftPackageProductDependency;
			package = 651B57E82CF09F1800C28D93 /* XCRemoteSwiftPackageReference "Then" */;
			productName = Then;
		};
		653ADD972C919CFB002C75A3 /* CryptoSwift */ = {
			isa = XCSwiftPackageProductDependency;
			package = 653ADD962C919CFB002C75A3 /* XCRemoteSwiftPackageReference "CryptoSwift" */;
			productName = CryptoSwift;
		};
		655936802C5249010096F710 /* SnapKit */ = {
			isa = XCSwiftPackageProductDependency;
			package = 6559367F2C5249010096F710 /* XCRemoteSwiftPackageReference "snapkit" */;
			productName = SnapKit;
		};
		658856E02DB9DA6100FDA4DF /* CombineCocoa */ = {
			isa = XCSwiftPackageProductDependency;
			package = 658856DF2DB9DA6100FDA4DF /* XCRemoteSwiftPackageReference "CombineCocoa" */;
			productName = CombineCocoa;
		};
		65A010292CA2D8A4006DE40F /* PanModal */ = {
			isa = XCSwiftPackageProductDependency;
			package = 65A010282CA2D8A4006DE40F /* XCRemoteSwiftPackageReference "PanModal" */;
			productName = PanModal;
		};
		65BD595E2D11656600FC82AF /* Lottie */ = {
			isa = XCSwiftPackageProductDependency;
			package = 65BD595D2D11656600FC82AF /* XCRemoteSwiftPackageReference "lottie-ios" */;
			productName = Lottie;
		};
		65D78B232CCA39E90096ADCC /* SwiftMessages */ = {
			isa = XCSwiftPackageProductDependency;
			package = 65D78B222CCA39E90096ADCC /* XCRemoteSwiftPackageReference "SwiftMessages" */;
			productName = SwiftMessages;
		};
		65E7AB0A2D01611F00363CBB /* SkeletonView */ = {
			isa = XCSwiftPackageProductDependency;
			package = 65E7AB092D01611F00363CBB /* XCRemoteSwiftPackageReference "SkeletonView" */;
			productName = SkeletonView;
		};
/* End XCSwiftPackageProductDependency section */
	};
	rootObject = 6576D3D92C4F5A2B00761785 /* Project object */;
}
